
Microsoft Visual Studio Solution File, Format Version 12.00
# Visual Studio 15
VisualStudioVersion = 15.0.28307.757
MinimumVisualStudioVersion = 10.0.40219.1
Project("{8BC9CEB8-8B4A-11D0-8D11-00A0C91BC942}") = "Doge", "Doge\Doge.vcxproj", "{12C9291B-48A8-479E-8171-96EDE828993F}"
EndProject
Global
	GlobalSection(SolutionConfigurationPlatforms) = preSolution
		Debug|x64 = Debug|x64
		Debug|x86 = Debug|x86
		Release|x64 = Release|x64
		Release|x86 = Release|x86
	EndGlobalSection
	GlobalSection(ProjectConfigurationPlatforms) = postSolution
		{12C9291B-48A8-479E-8171-96EDE828993F}.Debug|x64.ActiveCfg = Debug|x64
		{12C9291B-48A8-479E-8171-96EDE828993F}.Debug|x64.Build.0 = Debug|x64
		{12C9291B-48A8-479E-8171-96EDE828993F}.Debug|x86.ActiveCfg = Debug|Win32
		{12C9291B-48A8-479E-8171-96EDE828993F}.Debug|x86.Build.0 = Debug|Win32
		{12C9291B-48A8-479E-8171-96EDE828993F}.Release|x64.ActiveCfg = Release|x64
		{12C9291B-48A8-479E-8171-96EDE828993F}.Release|x64.Build.0 = Release|x64
		{12C9291B-48A8-479E-8171-96EDE828993F}.Release|x86.ActiveCfg = Release|Win32
		{12C9291B-48A8-479E-8171-96EDE828993F}.Release|x86.Build.0 = Release|Win32
	EndGlobalSection
	GlobalSection(SolutionProperties) = preSolution
		HideSolutionNode = FALSE
	EndGlobalSection
	GlobalSection(ExtensibilityGlobals) = postSolution
		SolutionGuid = {ECF71E3A-D0E1-42A1-949B-DB17D783F669}
	EndGlobalSection
EndGlobal
