<?xml version="1.0" encoding="utf-8"?>
<Project ToolsVersion="15.0" xmlns="http://schemas.microsoft.com/developer/msbuild/2003">
  <ItemGroup>
    <ClCompile Include="C:\Users\Lenovo\Desktop\assimp-5.0.0\code\Common\Assimp.cpp">
      <Filter>Source Files</Filter>
    </ClCompile>
    <ClCompile Include="C:\Users\Lenovo\Desktop\assimp-5.0.0\code\CApi\CInterfaceIOWrapper.cpp">
      <Filter>CApi</Filter>
    </ClCompile>
    <ClCompile Include="C:\Users\Lenovo\Desktop\assimp-5.0.0\code\Common\BaseImporter.cpp">
      <Filter>Common</Filter>
    </ClCompile>
    <ClCompile Include="C:\Users\Lenovo\Desktop\assimp-5.0.0\code\Common\BaseProcess.cpp">
      <Filter>Common</Filter>
    </ClCompile>
    <ClCompile Include="C:\Users\Lenovo\Desktop\assimp-5.0.0\code\Common\PostStepRegistry.cpp">
      <Filter>Common</Filter>
    </ClCompile>
    <ClCompile Include="C:\Users\Lenovo\Desktop\assimp-5.0.0\code\Common\ImporterRegistry.cpp">
      <Filter>Common</Filter>
    </ClCompile>
    <ClCompile Include="C:\Users\Lenovo\Desktop\assimp-5.0.0\code\Common\DefaultIOStream.cpp">
      <Filter>Common</Filter>
    </ClCompile>
    <ClCompile Include="C:\Users\Lenovo\Desktop\assimp-5.0.0\code\Common\DefaultIOSystem.cpp">
      <Filter>Common</Filter>
    </ClCompile>
    <ClCompile Include="C:\Users\Lenovo\Desktop\assimp-5.0.0\code\Common\ZipArchiveIOSystem.cpp">
      <Filter>Common</Filter>
    </ClCompile>
    <ClCompile Include="C:\Users\Lenovo\Desktop\assimp-5.0.0\code\Common\Importer.cpp">
      <Filter>Common</Filter>
    </ClCompile>
    <ClCompile Include="C:\Users\Lenovo\Desktop\assimp-5.0.0\code\Common\SGSpatialSort.cpp">
      <Filter>Common</Filter>
    </ClCompile>
    <ClCompile Include="C:\Users\Lenovo\Desktop\assimp-5.0.0\code\Common\VertexTriangleAdjacency.cpp">
      <Filter>Common</Filter>
    </ClCompile>
    <ClCompile Include="C:\Users\Lenovo\Desktop\assimp-5.0.0\code\Common\SpatialSort.cpp">
      <Filter>Common</Filter>
    </ClCompile>
    <ClCompile Include="C:\Users\Lenovo\Desktop\assimp-5.0.0\code\Common\SceneCombiner.cpp">
      <Filter>Common</Filter>
    </ClCompile>
    <ClCompile Include="C:\Users\Lenovo\Desktop\assimp-5.0.0\code\Common\ScenePreprocessor.cpp">
      <Filter>Common</Filter>
    </ClCompile>
    <ClCompile Include="C:\Users\Lenovo\Desktop\assimp-5.0.0\code\Common\SkeletonMeshBuilder.cpp">
      <Filter>Common</Filter>
    </ClCompile>
    <ClCompile Include="C:\Users\Lenovo\Desktop\assimp-5.0.0\code\Common\SplitByBoneCountProcess.cpp">
      <Filter>Common</Filter>
    </ClCompile>
    <ClCompile Include="C:\Users\Lenovo\Desktop\assimp-5.0.0\code\Common\StandardShapes.cpp">
      <Filter>Common</Filter>
    </ClCompile>
    <ClCompile Include="C:\Users\Lenovo\Desktop\assimp-5.0.0\code\Common\TargetAnimation.cpp">
      <Filter>Common</Filter>
    </ClCompile>
    <ClCompile Include="C:\Users\Lenovo\Desktop\assimp-5.0.0\code\Common\RemoveComments.cpp">
      <Filter>Common</Filter>
    </ClCompile>
    <ClCompile Include="C:\Users\Lenovo\Desktop\assimp-5.0.0\code\Common\Subdivision.cpp">
      <Filter>Common</Filter>
    </ClCompile>
    <ClCompile Include="C:\Users\Lenovo\Desktop\assimp-5.0.0\code\Common\scene.cpp">
      <Filter>Common</Filter>
    </ClCompile>
    <ClCompile Include="C:\Users\Lenovo\Desktop\assimp-5.0.0\code\Common\Bitmap.cpp">
      <Filter>Common</Filter>
    </ClCompile>
    <ClCompile Include="C:\Users\Lenovo\Desktop\assimp-5.0.0\code\Common\Version.cpp">
      <Filter>Common</Filter>
    </ClCompile>
    <ClCompile Include="C:\Users\Lenovo\Desktop\assimp-5.0.0\code\Common\CreateAnimMesh.cpp">
      <Filter>Common</Filter>
    </ClCompile>
    <ClCompile Include="C:\Users\Lenovo\Desktop\assimp-5.0.0\code\Common\simd.cpp">
      <Filter>Common</Filter>
    </ClCompile>
    <ClCompile Include="C:\Users\Lenovo\Desktop\assimp-5.0.0\code\Common\DefaultLogger.cpp">
      <Filter>Logging</Filter>
    </ClCompile>
    <ClCompile Include="C:\Users\Lenovo\Desktop\assimp-5.0.0\code\Common\Exporter.cpp">
      <Filter>Exporter</Filter>
    </ClCompile>
    <ClCompile Include="C:\Users\Lenovo\Desktop\assimp-5.0.0\code\CApi\AssimpCExport.cpp">
      <Filter>Exporter</Filter>
    </ClCompile>
    <ClCompile Include="C:\Users\Lenovo\Desktop\assimp-5.0.0\code\PostProcessing\CalcTangentsProcess.cpp">
      <Filter>PostProcessing</Filter>
    </ClCompile>
    <ClCompile Include="C:\Users\Lenovo\Desktop\assimp-5.0.0\code\PostProcessing\ComputeUVMappingProcess.cpp">
      <Filter>PostProcessing</Filter>
    </ClCompile>
    <ClCompile Include="C:\Users\Lenovo\Desktop\assimp-5.0.0\code\PostProcessing\ConvertToLHProcess.cpp">
      <Filter>PostProcessing</Filter>
    </ClCompile>
    <ClCompile Include="C:\Users\Lenovo\Desktop\assimp-5.0.0\code\PostProcessing\EmbedTexturesProcess.cpp">
      <Filter>PostProcessing</Filter>
    </ClCompile>
    <ClCompile Include="C:\Users\Lenovo\Desktop\assimp-5.0.0\code\PostProcessing\FindDegenerates.cpp">
      <Filter>PostProcessing</Filter>
    </ClCompile>
    <ClCompile Include="C:\Users\Lenovo\Desktop\assimp-5.0.0\code\PostProcessing\FindInstancesProcess.cpp">
      <Filter>PostProcessing</Filter>
    </ClCompile>
    <ClCompile Include="C:\Users\Lenovo\Desktop\assimp-5.0.0\code\PostProcessing\FindInvalidDataProcess.cpp">
      <Filter>PostProcessing</Filter>
    </ClCompile>
    <ClCompile Include="C:\Users\Lenovo\Desktop\assimp-5.0.0\code\PostProcessing\FixNormalsStep.cpp">
      <Filter>PostProcessing</Filter>
    </ClCompile>
    <ClCompile Include="C:\Users\Lenovo\Desktop\assimp-5.0.0\code\PostProcessing\DropFaceNormalsProcess.cpp">
      <Filter>PostProcessing</Filter>
    </ClCompile>
    <ClCompile Include="C:\Users\Lenovo\Desktop\assimp-5.0.0\code\PostProcessing\GenFaceNormalsProcess.cpp">
      <Filter>PostProcessing</Filter>
    </ClCompile>
    <ClCompile Include="C:\Users\Lenovo\Desktop\assimp-5.0.0\code\PostProcessing\GenVertexNormalsProcess.cpp">
      <Filter>PostProcessing</Filter>
    </ClCompile>
    <ClCompile Include="C:\Users\Lenovo\Desktop\assimp-5.0.0\code\PostProcessing\PretransformVertices.cpp">
      <Filter>PostProcessing</Filter>
    </ClCompile>
    <ClCompile Include="C:\Users\Lenovo\Desktop\assimp-5.0.0\code\PostProcessing\ImproveCacheLocality.cpp">
      <Filter>PostProcessing</Filter>
    </ClCompile>
    <ClCompile Include="C:\Users\Lenovo\Desktop\assimp-5.0.0\code\PostProcessing\JoinVerticesProcess.cpp">
      <Filter>PostProcessing</Filter>
    </ClCompile>
    <ClCompile Include="C:\Users\Lenovo\Desktop\assimp-5.0.0\code\PostProcessing\LimitBoneWeightsProcess.cpp">
      <Filter>PostProcessing</Filter>
    </ClCompile>
    <ClCompile Include="C:\Users\Lenovo\Desktop\assimp-5.0.0\code\PostProcessing\RemoveRedundantMaterials.cpp">
      <Filter>PostProcessing</Filter>
    </ClCompile>
    <ClCompile Include="C:\Users\Lenovo\Desktop\assimp-5.0.0\code\PostProcessing\RemoveVCProcess.cpp">
      <Filter>PostProcessing</Filter>
    </ClCompile>
    <ClCompile Include="C:\Users\Lenovo\Desktop\assimp-5.0.0\code\PostProcessing\SortByPTypeProcess.cpp">
      <Filter>PostProcessing</Filter>
    </ClCompile>
    <ClCompile Include="C:\Users\Lenovo\Desktop\assimp-5.0.0\code\PostProcessing\SplitLargeMeshes.cpp">
      <Filter>PostProcessing</Filter>
    </ClCompile>
    <ClCompile Include="C:\Users\Lenovo\Desktop\assimp-5.0.0\code\PostProcessing\TextureTransform.cpp">
      <Filter>PostProcessing</Filter>
    </ClCompile>
    <ClCompile Include="C:\Users\Lenovo\Desktop\assimp-5.0.0\code\PostProcessing\TriangulateProcess.cpp">
      <Filter>PostProcessing</Filter>
    </ClCompile>
    <ClCompile Include="C:\Users\Lenovo\Desktop\assimp-5.0.0\code\PostProcessing\ValidateDataStructure.cpp">
      <Filter>PostProcessing</Filter>
    </ClCompile>
    <ClCompile Include="C:\Users\Lenovo\Desktop\assimp-5.0.0\code\PostProcessing\OptimizeGraph.cpp">
      <Filter>PostProcessing</Filter>
    </ClCompile>
    <ClCompile Include="C:\Users\Lenovo\Desktop\assimp-5.0.0\code\PostProcessing\OptimizeMeshes.cpp">
      <Filter>PostProcessing</Filter>
    </ClCompile>
    <ClCompile Include="C:\Users\Lenovo\Desktop\assimp-5.0.0\code\PostProcessing\DeboneProcess.cpp">
      <Filter>PostProcessing</Filter>
    </ClCompile>
    <ClCompile Include="C:\Users\Lenovo\Desktop\assimp-5.0.0\code\PostProcessing\ProcessHelper.cpp">
      <Filter>PostProcessing</Filter>
    </ClCompile>
    <ClCompile Include="C:\Users\Lenovo\Desktop\assimp-5.0.0\code\PostProcessing\MakeVerboseFormat.cpp">
      <Filter>PostProcessing</Filter>
    </ClCompile>
    <ClCompile Include="C:\Users\Lenovo\Desktop\assimp-5.0.0\code\PostProcessing\ScaleProcess.cpp">
      <Filter>PostProcessing</Filter>
    </ClCompile>
    <ClCompile Include="C:\Users\Lenovo\Desktop\assimp-5.0.0\code\PostProcessing\GenBoundingBoxesProcess.cpp">
      <Filter>PostProcessing</Filter>
    </ClCompile>
    <ClCompile Include="C:\Users\Lenovo\Desktop\assimp-5.0.0\code\Material\MaterialSystem.cpp">
      <Filter>MaterialSystem</Filter>
    </ClCompile>
    <ClCompile Include="C:\Users\Lenovo\Desktop\assimp-5.0.0\code\Importer\STEPParser\STEPFileReader.cpp">
      <Filter>STEPParser</Filter>
    </ClCompile>
    <ClCompile Include="C:\Users\Lenovo\Desktop\assimp-5.0.0\code\Importer\STEPParser\STEPFileEncoding.cpp">
      <Filter>STEPParser</Filter>
    </ClCompile>
    <ClCompile Include="C:\Users\Lenovo\Desktop\assimp-5.0.0\code\AMF\AMFImporter.cpp">
      <Filter>AMF</Filter>
    </ClCompile>
    <ClCompile Include="C:\Users\Lenovo\Desktop\assimp-5.0.0\code\AMF\AMFImporter_Geometry.cpp">
      <Filter>AMF</Filter>
    </ClCompile>
    <ClCompile Include="C:\Users\Lenovo\Desktop\assimp-5.0.0\code\AMF\AMFImporter_Material.cpp">
      <Filter>AMF</Filter>
    </ClCompile>
    <ClCompile Include="C:\Users\Lenovo\Desktop\assimp-5.0.0\code\AMF\AMFImporter_Postprocess.cpp">
      <Filter>AMF</Filter>
    </ClCompile>
    <ClCompile Include="C:\Users\Lenovo\Desktop\assimp-5.0.0\code\3DS\3DSConverter.cpp">
      <Filter>3DS</Filter>
    </ClCompile>
    <ClCompile Include="C:\Users\Lenovo\Desktop\assimp-5.0.0\code\3DS\3DSLoader.cpp">
      <Filter>3DS</Filter>
    </ClCompile>
    <ClCompile Include="C:\Users\Lenovo\Desktop\assimp-5.0.0\code\AC\ACLoader.cpp">
      <Filter>AC</Filter>
    </ClCompile>
    <ClCompile Include="C:\Users\Lenovo\Desktop\assimp-5.0.0\code\ASE\ASELoader.cpp">
      <Filter>ASE</Filter>
    </ClCompile>
    <ClCompile Include="C:\Users\Lenovo\Desktop\assimp-5.0.0\code\ASE\ASEParser.cpp">
      <Filter>ASE</Filter>
    </ClCompile>
    <ClCompile Include="C:\Users\Lenovo\Desktop\assimp-5.0.0\code\Assbin\AssbinLoader.cpp">
      <Filter>ASSBIN</Filter>
    </ClCompile>
    <ClCompile Include="C:\Users\Lenovo\Desktop\assimp-5.0.0\code\B3D\B3DImporter.cpp">
      <Filter>B3D</Filter>
    </ClCompile>
    <ClCompile Include="C:\Users\Lenovo\Desktop\assimp-5.0.0\code\BVH\BVHLoader.cpp">
      <Filter>BVH</Filter>
    </ClCompile>
    <ClCompile Include="C:\Users\Lenovo\Desktop\assimp-5.0.0\code\Collada\ColladaLoader.cpp">
      <Filter>COLLADA</Filter>
    </ClCompile>
    <ClCompile Include="C:\Users\Lenovo\Desktop\assimp-5.0.0\code\Collada\ColladaParser.cpp">
      <Filter>COLLADA</Filter>
    </ClCompile>
    <ClCompile Include="C:\Users\Lenovo\Desktop\assimp-5.0.0\code\DXF\DXFLoader.cpp">
      <Filter>DXF</Filter>
    </ClCompile>
    <ClCompile Include="C:\Users\Lenovo\Desktop\assimp-5.0.0\code\CSM\CSMLoader.cpp">
      <Filter>CSM</Filter>
    </ClCompile>
    <ClCompile Include="C:\Users\Lenovo\Desktop\assimp-5.0.0\code\HMP\HMPLoader.cpp">
      <Filter>HMP</Filter>
    </ClCompile>
    <ClCompile Include="C:\Users\Lenovo\Desktop\assimp-5.0.0\code\Irr\IRRMeshLoader.cpp">
      <Filter>IRRMESH</Filter>
    </ClCompile>
    <ClCompile Include="C:\Users\Lenovo\Desktop\assimp-5.0.0\code\Irr\IRRShared.cpp">
      <Filter>IRR</Filter>
    </ClCompile>
    <ClCompile Include="C:\Users\Lenovo\Desktop\assimp-5.0.0\code\Irr\IRRLoader.cpp">
      <Filter>IRR</Filter>
    </ClCompile>
    <ClCompile Include="C:\Users\Lenovo\Desktop\assimp-5.0.0\code\LWO\LWOAnimation.cpp">
      <Filter>LWO</Filter>
    </ClCompile>
    <ClCompile Include="C:\Users\Lenovo\Desktop\assimp-5.0.0\code\LWO\LWOBLoader.cpp">
      <Filter>LWO</Filter>
    </ClCompile>
    <ClCompile Include="C:\Users\Lenovo\Desktop\assimp-5.0.0\code\LWO\LWOLoader.cpp">
      <Filter>LWO</Filter>
    </ClCompile>
    <ClCompile Include="C:\Users\Lenovo\Desktop\assimp-5.0.0\code\LWO\LWOMaterial.cpp">
      <Filter>LWO</Filter>
    </ClCompile>
    <ClCompile Include="C:\Users\Lenovo\Desktop\assimp-5.0.0\code\LWS\LWSLoader.cpp">
      <Filter>LWS</Filter>
    </ClCompile>
    <ClCompile Include="C:\Users\Lenovo\Desktop\assimp-5.0.0\code\MD2\MD2Loader.cpp">
      <Filter>MD2</Filter>
    </ClCompile>
    <ClCompile Include="C:\Users\Lenovo\Desktop\assimp-5.0.0\code\MD3\MD3Loader.cpp">
      <Filter>MD3</Filter>
    </ClCompile>
    <ClCompile Include="C:\Users\Lenovo\Desktop\assimp-5.0.0\code\MD5\MD5Loader.cpp">
      <Filter>MD5</Filter>
    </ClCompile>
    <ClCompile Include="C:\Users\Lenovo\Desktop\assimp-5.0.0\code\MD5\MD5Parser.cpp">
      <Filter>MD5</Filter>
    </ClCompile>
    <ClCompile Include="C:\Users\Lenovo\Desktop\assimp-5.0.0\code\MDC\MDCLoader.cpp">
      <Filter>MDC</Filter>
    </ClCompile>
    <ClCompile Include="C:\Users\Lenovo\Desktop\assimp-5.0.0\code\MDL\MDLLoader.cpp">
      <Filter>MDL</Filter>
    </ClCompile>
    <ClCompile Include="C:\Users\Lenovo\Desktop\assimp-5.0.0\code\MDL\MDLMaterialLoader.cpp">
      <Filter>MDL</Filter>
    </ClCompile>
    <ClCompile Include="C:\Users\Lenovo\Desktop\assimp-5.0.0\code\NFF\NFFLoader.cpp">
      <Filter>NFF</Filter>
    </ClCompile>
    <ClCompile Include="C:\Users\Lenovo\Desktop\assimp-5.0.0\code\NDO\NDOLoader.cpp">
      <Filter>NDO</Filter>
    </ClCompile>
    <ClCompile Include="C:\Users\Lenovo\Desktop\assimp-5.0.0\code\OFF\OFFLoader.cpp">
      <Filter>OFF</Filter>
    </ClCompile>
    <ClCompile Include="C:\Users\Lenovo\Desktop\assimp-5.0.0\code\Obj\ObjFileImporter.cpp">
      <Filter>OBJ</Filter>
    </ClCompile>
    <ClCompile Include="C:\Users\Lenovo\Desktop\assimp-5.0.0\code\Obj\ObjFileMtlImporter.cpp">
      <Filter>OBJ</Filter>
    </ClCompile>
    <ClCompile Include="C:\Users\Lenovo\Desktop\assimp-5.0.0\code\Obj\ObjFileParser.cpp">
      <Filter>OBJ</Filter>
    </ClCompile>
    <ClCompile Include="C:\Users\Lenovo\Desktop\assimp-5.0.0\code\Ogre\OgreImporter.cpp">
      <Filter>OGRE</Filter>
    </ClCompile>
    <ClCompile Include="C:\Users\Lenovo\Desktop\assimp-5.0.0\code\Ogre\OgreStructs.cpp">
      <Filter>OGRE</Filter>
    </ClCompile>
    <ClCompile Include="C:\Users\Lenovo\Desktop\assimp-5.0.0\code\Ogre\OgreBinarySerializer.cpp">
      <Filter>OGRE</Filter>
    </ClCompile>
    <ClCompile Include="C:\Users\Lenovo\Desktop\assimp-5.0.0\code\Ogre\OgreXmlSerializer.cpp">
      <Filter>OGRE</Filter>
    </ClCompile>
    <ClCompile Include="C:\Users\Lenovo\Desktop\assimp-5.0.0\code\Ogre\OgreMaterial.cpp">
      <Filter>OGRE</Filter>
    </ClCompile>
    <ClCompile Include="C:\Users\Lenovo\Desktop\assimp-5.0.0\code\OpenGEX\OpenGEXImporter.cpp">
      <Filter>OPENGEX</Filter>
    </ClCompile>
    <ClCompile Include="C:\Users\Lenovo\Desktop\assimp-5.0.0\code\Ply\PlyLoader.cpp">
      <Filter>PLY</Filter>
    </ClCompile>
    <ClCompile Include="C:\Users\Lenovo\Desktop\assimp-5.0.0\code\Ply\PlyParser.cpp">
      <Filter>PLY</Filter>
    </ClCompile>
    <ClCompile Include="C:\Users\Lenovo\Desktop\assimp-5.0.0\code\MS3D\MS3DLoader.cpp">
      <Filter>MS3D</Filter>
    </ClCompile>
    <ClCompile Include="C:\Users\Lenovo\Desktop\assimp-5.0.0\code\COB\COBLoader.cpp">
      <Filter>COB</Filter>
    </ClCompile>
    <ClCompile Include="C:\Users\Lenovo\Desktop\assimp-5.0.0\code\Blender\BlenderLoader.cpp">
      <Filter>BLEND</Filter>
    </ClCompile>
    <ClCompile Include="C:\Users\Lenovo\Desktop\assimp-5.0.0\code\Blender\BlenderDNA.cpp">
      <Filter>BLEND</Filter>
    </ClCompile>
    <ClCompile Include="C:\Users\Lenovo\Desktop\assimp-5.0.0\code\Blender\BlenderScene.cpp">
      <Filter>BLEND</Filter>
    </ClCompile>
    <ClCompile Include="C:\Users\Lenovo\Desktop\assimp-5.0.0\code\Blender\BlenderModifier.cpp">
      <Filter>BLEND</Filter>
    </ClCompile>
    <ClCompile Include="C:\Users\Lenovo\Desktop\assimp-5.0.0\code\Blender\BlenderBMesh.cpp">
      <Filter>BLEND</Filter>
    </ClCompile>
    <ClCompile Include="C:\Users\Lenovo\Desktop\assimp-5.0.0\code\Blender\BlenderTessellator.cpp">
      <Filter>BLEND</Filter>
    </ClCompile>
    <ClCompile Include="C:\Users\Lenovo\Desktop\assimp-5.0.0\code\Blender\BlenderCustomData.cpp">
      <Filter>BLEND</Filter>
    </ClCompile>
    <ClCompile Include="C:\Users\Lenovo\Desktop\assimp-5.0.0\code\Importer\IFC\IFCLoader.cpp">
      <Filter>IFC</Filter>
    </ClCompile>
    <ClCompile Include="C:\Users\Lenovo\Desktop\assimp-5.0.0\code\Importer\IFC\IFCReaderGen1_2x3.cpp">
      <Filter>IFC</Filter>
    </ClCompile>
    <ClCompile Include="C:\Users\Lenovo\Desktop\assimp-5.0.0\code\Importer\IFC\IFCReaderGen2_2x3.cpp">
      <Filter>IFC</Filter>
    </ClCompile>
    <ClCompile Include="C:\Users\Lenovo\Desktop\assimp-5.0.0\code\Importer\IFC\IFCUtil.cpp">
      <Filter>IFC</Filter>
    </ClCompile>
    <ClCompile Include="C:\Users\Lenovo\Desktop\assimp-5.0.0\code\Importer\IFC\IFCGeometry.cpp">
      <Filter>IFC</Filter>
    </ClCompile>
    <ClCompile Include="C:\Users\Lenovo\Desktop\assimp-5.0.0\code\Importer\IFC\IFCMaterial.cpp">
      <Filter>IFC</Filter>
    </ClCompile>
    <ClCompile Include="C:\Users\Lenovo\Desktop\assimp-5.0.0\code\Importer\IFC\IFCProfile.cpp">
      <Filter>IFC</Filter>
    </ClCompile>
    <ClCompile Include="C:\Users\Lenovo\Desktop\assimp-5.0.0\code\Importer\IFC\IFCCurve.cpp">
      <Filter>IFC</Filter>
    </ClCompile>
    <ClCompile Include="C:\Users\Lenovo\Desktop\assimp-5.0.0\code\Importer\IFC\IFCBoolean.cpp">
      <Filter>IFC</Filter>
    </ClCompile>
    <ClCompile Include="C:\Users\Lenovo\Desktop\assimp-5.0.0\code\Importer\IFC\IFCOpenings.cpp">
      <Filter>IFC</Filter>
    </ClCompile>
    <ClCompile Include="C:\Users\Lenovo\Desktop\assimp-5.0.0\code\XGL\XGLLoader.cpp">
      <Filter>XGL</Filter>
    </ClCompile>
    <ClCompile Include="C:\Users\Lenovo\Desktop\assimp-5.0.0\code\FBX\FBXImporter.cpp">
      <Filter>FBX</Filter>
    </ClCompile>
    <ClCompile Include="C:\Users\Lenovo\Desktop\assimp-5.0.0\code\FBX\FBXParser.cpp">
      <Filter>FBX</Filter>
    </ClCompile>
    <ClCompile Include="C:\Users\Lenovo\Desktop\assimp-5.0.0\code\FBX\FBXTokenizer.cpp">
      <Filter>FBX</Filter>
    </ClCompile>
    <ClCompile Include="C:\Users\Lenovo\Desktop\assimp-5.0.0\code\FBX\FBXConverter.cpp">
      <Filter>FBX</Filter>
    </ClCompile>
    <ClCompile Include="C:\Users\Lenovo\Desktop\assimp-5.0.0\code\FBX\FBXUtil.cpp">
      <Filter>FBX</Filter>
    </ClCompile>
    <ClCompile Include="C:\Users\Lenovo\Desktop\assimp-5.0.0\code\FBX\FBXDocument.cpp">
      <Filter>FBX</Filter>
    </ClCompile>
    <ClCompile Include="C:\Users\Lenovo\Desktop\assimp-5.0.0\code\FBX\FBXProperties.cpp">
      <Filter>FBX</Filter>
    </ClCompile>
    <ClCompile Include="C:\Users\Lenovo\Desktop\assimp-5.0.0\code\FBX\FBXMeshGeometry.cpp">
      <Filter>FBX</Filter>
    </ClCompile>
    <ClCompile Include="C:\Users\Lenovo\Desktop\assimp-5.0.0\code\FBX\FBXMaterial.cpp">
      <Filter>FBX</Filter>
    </ClCompile>
    <ClCompile Include="C:\Users\Lenovo\Desktop\assimp-5.0.0\code\FBX\FBXModel.cpp">
      <Filter>FBX</Filter>
    </ClCompile>
    <ClCompile Include="C:\Users\Lenovo\Desktop\assimp-5.0.0\code\FBX\FBXAnimation.cpp">
      <Filter>FBX</Filter>
    </ClCompile>
    <ClCompile Include="C:\Users\Lenovo\Desktop\assimp-5.0.0\code\FBX\FBXNodeAttribute.cpp">
      <Filter>FBX</Filter>
    </ClCompile>
    <ClCompile Include="C:\Users\Lenovo\Desktop\assimp-5.0.0\code\FBX\FBXDeformer.cpp">
      <Filter>FBX</Filter>
    </ClCompile>
    <ClCompile Include="C:\Users\Lenovo\Desktop\assimp-5.0.0\code\FBX\FBXBinaryTokenizer.cpp">
      <Filter>FBX</Filter>
    </ClCompile>
    <ClCompile Include="C:\Users\Lenovo\Desktop\assimp-5.0.0\code\FBX\FBXDocumentUtil.cpp">
      <Filter>FBX</Filter>
    </ClCompile>
    <ClCompile Include="C:\Users\Lenovo\Desktop\assimp-5.0.0\code\Q3D\Q3DLoader.cpp">
      <Filter>Q3D</Filter>
    </ClCompile>
    <ClCompile Include="C:\Users\Lenovo\Desktop\assimp-5.0.0\code\Q3BSP\Q3BSPFileParser.cpp">
      <Filter>Q3BSP</Filter>
    </ClCompile>
    <ClCompile Include="C:\Users\Lenovo\Desktop\assimp-5.0.0\code\Q3BSP\Q3BSPFileImporter.cpp">
      <Filter>Q3BSP</Filter>
    </ClCompile>
    <ClCompile Include="C:\Users\Lenovo\Desktop\assimp-5.0.0\code\Raw\RawLoader.cpp">
      <Filter>RAW</Filter>
    </ClCompile>
    <ClCompile Include="C:\Users\Lenovo\Desktop\assimp-5.0.0\code\SIB\SIBImporter.cpp">
      <Filter>SIB</Filter>
    </ClCompile>
    <ClCompile Include="C:\Users\Lenovo\Desktop\assimp-5.0.0\code\SMD\SMDLoader.cpp">
      <Filter>SMD</Filter>
    </ClCompile>
    <ClCompile Include="C:\Users\Lenovo\Desktop\assimp-5.0.0\code\STL\STLLoader.cpp">
      <Filter>STL</Filter>
    </ClCompile>
    <ClCompile Include="C:\Users\Lenovo\Desktop\assimp-5.0.0\code\Terragen\TerragenLoader.cpp">
      <Filter>TERRAGEN</Filter>
    </ClCompile>
    <ClCompile Include="C:\Users\Lenovo\Desktop\assimp-5.0.0\code\Unreal\UnrealLoader.cpp">
      <Filter>3D</Filter>
    </ClCompile>
    <ClCompile Include="C:\Users\Lenovo\Desktop\assimp-5.0.0\code\X\XFileImporter.cpp">
      <Filter>X</Filter>
    </ClCompile>
    <ClCompile Include="C:\Users\Lenovo\Desktop\assimp-5.0.0\code\X\XFileParser.cpp">
      <Filter>X</Filter>
    </ClCompile>
    <ClCompile Include="C:\Users\Lenovo\Desktop\assimp-5.0.0\code\X3D\X3DImporter.cpp">
      <Filter>X3D</Filter>
    </ClCompile>
    <ClCompile Include="C:\Users\Lenovo\Desktop\assimp-5.0.0\code\X3D\X3DImporter_Geometry2D.cpp">
      <Filter>X3D</Filter>
    </ClCompile>
    <ClCompile Include="C:\Users\Lenovo\Desktop\assimp-5.0.0\code\X3D\X3DImporter_Geometry3D.cpp">
      <Filter>X3D</Filter>
    </ClCompile>
    <ClCompile Include="C:\Users\Lenovo\Desktop\assimp-5.0.0\code\X3D\X3DImporter_Group.cpp">
      <Filter>X3D</Filter>
    </ClCompile>
    <ClCompile Include="C:\Users\Lenovo\Desktop\assimp-5.0.0\code\X3D\X3DImporter_Light.cpp">
      <Filter>X3D</Filter>
    </ClCompile>
    <ClCompile Include="C:\Users\Lenovo\Desktop\assimp-5.0.0\code\X3D\X3DImporter_Metadata.cpp">
      <Filter>X3D</Filter>
    </ClCompile>
    <ClCompile Include="C:\Users\Lenovo\Desktop\assimp-5.0.0\code\X3D\X3DImporter_Networking.cpp">
      <Filter>X3D</Filter>
    </ClCompile>
    <ClCompile Include="C:\Users\Lenovo\Desktop\assimp-5.0.0\code\X3D\X3DImporter_Postprocess.cpp">
      <Filter>X3D</Filter>
    </ClCompile>
    <ClCompile Include="C:\Users\Lenovo\Desktop\assimp-5.0.0\code\X3D\X3DImporter_Rendering.cpp">
      <Filter>X3D</Filter>
    </ClCompile>
    <ClCompile Include="C:\Users\Lenovo\Desktop\assimp-5.0.0\code\X3D\X3DImporter_Shape.cpp">
      <Filter>X3D</Filter>
    </ClCompile>
    <ClCompile Include="C:\Users\Lenovo\Desktop\assimp-5.0.0\code\X3D\X3DImporter_Texturing.cpp">
      <Filter>X3D</Filter>
    </ClCompile>
    <ClCompile Include="C:\Users\Lenovo\Desktop\assimp-5.0.0\code\X3D\FIReader.cpp">
      <Filter>X3D</Filter>
    </ClCompile>
    <ClCompile Include="C:\Users\Lenovo\Desktop\assimp-5.0.0\code\X3D\X3DVocabulary.cpp">
      <Filter>X3D</Filter>
    </ClCompile>
    <ClCompile Include="C:\Users\Lenovo\Desktop\assimp-5.0.0\code\glTF\glTFCommon.cpp">
      <Filter>GLTF</Filter>
    </ClCompile>
    <ClCompile Include="C:\Users\Lenovo\Desktop\assimp-5.0.0\code\glTF\glTFImporter.cpp">
      <Filter>GLTF</Filter>
    </ClCompile>
    <ClCompile Include="C:\Users\Lenovo\Desktop\assimp-5.0.0\code\glTF2\glTF2Importer.cpp">
      <Filter>GLTF</Filter>
    </ClCompile>
    <ClCompile Include="C:\Users\Lenovo\Desktop\assimp-5.0.0\code\3MF\D3MFImporter.cpp">
      <Filter>3MF</Filter>
    </ClCompile>
    <ClCompile Include="C:\Users\Lenovo\Desktop\assimp-5.0.0\code\3MF\D3MFOpcPackage.cpp">
      <Filter>3MF</Filter>
    </ClCompile>
    <ClCompile Include="C:\Users\Lenovo\Desktop\assimp-5.0.0\code\MMD\MMDImporter.cpp">
      <Filter>MMD</Filter>
    </ClCompile>
    <ClCompile Include="C:\Users\Lenovo\Desktop\assimp-5.0.0\code\MMD\MMDPmxParser.cpp">
      <Filter>MMD</Filter>
    </ClCompile>
    <ClCompile Include="C:\Users\Lenovo\Desktop\assimp-5.0.0\code\Importer\StepFile\StepFileImporter.cpp">
      <Filter>STEP</Filter>
    </ClCompile>
    <ClCompile Include="C:\Users\Lenovo\Desktop\assimp-5.0.0\code\Importer\StepFile\StepFileGen1.cpp">
      <Filter>STEP</Filter>
    </ClCompile>
    <ClCompile Include="C:\Users\Lenovo\Desktop\assimp-5.0.0\code\Importer\StepFile\StepFileGen2.cpp">
      <Filter>STEP</Filter>
    </ClCompile>
    <ClCompile Include="C:\Users\Lenovo\Desktop\assimp-5.0.0\code\Importer\StepFile\StepFileGen3.cpp">
      <Filter>STEP</Filter>
    </ClCompile>
    <ClCompile Include="C:\Users\Lenovo\Desktop\assimp-5.0.0\code\3DS\3DSExporter.cpp">
      <Filter>3DS_EXPORTER</Filter>
    </ClCompile>
    <ClCompile Include="C:\Users\Lenovo\Desktop\assimp-5.0.0\code\Assbin\AssbinExporter.cpp">
      <Filter>ASSBIN_EXPORTER</Filter>
    </ClCompile>
    <ClCompile Include="C:\Users\Lenovo\Desktop\assimp-5.0.0\code\Assxml\AssxmlExporter.cpp">
      <Filter>ASSXML_EXPORTER</Filter>
    </ClCompile>
    <ClCompile Include="C:\Users\Lenovo\Desktop\assimp-5.0.0\code\Collada\ColladaExporter.cpp">
      <Filter>COLLADA_EXPORTER</Filter>
    </ClCompile>
    <ClCompile Include="C:\Users\Lenovo\Desktop\assimp-5.0.0\code\Obj\ObjExporter.cpp">
      <Filter>OBJ_EXPORTER</Filter>
    </ClCompile>
    <ClCompile Include="C:\Users\Lenovo\Desktop\assimp-5.0.0\code\OpenGEX\OpenGEXExporter.cpp">
      <Filter>OPENGEX_EXPORTER</Filter>
    </ClCompile>
    <ClCompile Include="C:\Users\Lenovo\Desktop\assimp-5.0.0\code\Ply\PlyExporter.cpp">
      <Filter>PLY_EXPORTER</Filter>
    </ClCompile>
    <ClCompile Include="C:\Users\Lenovo\Desktop\assimp-5.0.0\code\FBX\FBXExporter.cpp">
      <Filter>FBX_EXPORTER</Filter>
    </ClCompile>
    <ClCompile Include="C:\Users\Lenovo\Desktop\assimp-5.0.0\code\FBX\FBXExportNode.cpp">
      <Filter>FBX_EXPORTER</Filter>
    </ClCompile>
    <ClCompile Include="C:\Users\Lenovo\Desktop\assimp-5.0.0\code\FBX\FBXExportProperty.cpp">
      <Filter>FBX_EXPORTER</Filter>
    </ClCompile>
    <ClCompile Include="C:\Users\Lenovo\Desktop\assimp-5.0.0\code\STL\STLExporter.cpp">
      <Filter>STL_EXPORTER</Filter>
    </ClCompile>
    <ClCompile Include="C:\Users\Lenovo\Desktop\assimp-5.0.0\code\X\XFileExporter.cpp">
      <Filter>X_EXPORTER</Filter>
    </ClCompile>
    <ClCompile Include="C:\Users\Lenovo\Desktop\assimp-5.0.0\code\X3D\X3DExporter.cpp">
      <Filter>X3D_EXPORTER</Filter>
    </ClCompile>
    <ClCompile Include="C:\Users\Lenovo\Desktop\assimp-5.0.0\code\glTF\glTFExporter.cpp">
      <Filter>GLTF_EXPORTER</Filter>
    </ClCompile>
    <ClCompile Include="C:\Users\Lenovo\Desktop\assimp-5.0.0\code\glTF2\glTF2Exporter.cpp">
      <Filter>GLTF_EXPORTER</Filter>
    </ClCompile>
    <ClCompile Include="C:\Users\Lenovo\Desktop\assimp-5.0.0\code\3MF\D3MFExporter.cpp">
      <Filter>3MF_EXPORTER</Filter>
    </ClCompile>
    <ClCompile Include="C:\Users\Lenovo\Desktop\assimp-5.0.0\code\Assjson\cencode.c">
      <Filter>ASSJSON_EXPORTER</Filter>
    </ClCompile>
    <ClCompile Include="C:\Users\Lenovo\Desktop\assimp-5.0.0\code\Assjson\json_exporter.cpp">
      <Filter>ASSJSON_EXPORTER</Filter>
    </ClCompile>
    <ClCompile Include="C:\Users\Lenovo\Desktop\assimp-5.0.0\code\Assjson\mesh_splitter.cpp">
      <Filter>ASSJSON_EXPORTER</Filter>
    </ClCompile>
    <ClCompile Include="C:\Users\Lenovo\Desktop\assimp-5.0.0\code\Step\StepExporter.cpp">
      <Filter>STEP_EXPORTER</Filter>
    </ClCompile>
    <ClCompile Include="C:\Users\Lenovo\Desktop\assimp-5.0.0\contrib\unzip\ioapi.c">
      <Filter>Contrib\unzip</Filter>
    </ClCompile>
    <ClCompile Include="C:\Users\Lenovo\Desktop\assimp-5.0.0\contrib\unzip\unzip.c">
      <Filter>Contrib\unzip</Filter>
    </ClCompile>
    <ClCompile Include="C:\Users\Lenovo\Desktop\assimp-5.0.0\contrib\poly2tri\poly2tri\common\shapes.cc">
      <Filter>Contrib\Poly2Tri</Filter>
    </ClCompile>
    <ClCompile Include="C:\Users\Lenovo\Desktop\assimp-5.0.0\contrib\poly2tri\poly2tri\sweep\advancing_front.cc">
      <Filter>Contrib\Poly2Tri</Filter>
    </ClCompile>
    <ClCompile Include="C:\Users\Lenovo\Desktop\assimp-5.0.0\contrib\poly2tri\poly2tri\sweep\cdt.cc">
      <Filter>Contrib\Poly2Tri</Filter>
    </ClCompile>
    <ClCompile Include="C:\Users\Lenovo\Desktop\assimp-5.0.0\contrib\poly2tri\poly2tri\sweep\sweep.cc">
      <Filter>Contrib\Poly2Tri</Filter>
    </ClCompile>
    <ClCompile Include="C:\Users\Lenovo\Desktop\assimp-5.0.0\contrib\poly2tri\poly2tri\sweep\sweep_context.cc">
      <Filter>Contrib\Poly2Tri</Filter>
    </ClCompile>
    <ClCompile Include="C:\Users\Lenovo\Desktop\assimp-5.0.0\contrib\clipper\clipper.cpp">
      <Filter>Contrib\Clipper</Filter>
    </ClCompile>
    <ClCompile Include="C:\Users\Lenovo\Desktop\assimp-5.0.0\contrib\openddlparser\code\OpenDDLParser.cpp">
      <Filter>Contrib\openddl_parser</Filter>
    </ClCompile>
    <ClCompile Include="C:\Users\Lenovo\Desktop\assimp-5.0.0\contrib\openddlparser\code\DDLNode.cpp">
      <Filter>Contrib\openddl_parser</Filter>
    </ClCompile>
    <ClCompile Include="C:\Users\Lenovo\Desktop\assimp-5.0.0\contrib\openddlparser\code\OpenDDLCommon.cpp">
      <Filter>Contrib\openddl_parser</Filter>
    </ClCompile>
    <ClCompile Include="C:\Users\Lenovo\Desktop\assimp-5.0.0\contrib\openddlparser\code\OpenDDLExport.cpp">
      <Filter>Contrib\openddl_parser</Filter>
    </ClCompile>
    <ClCompile Include="C:\Users\Lenovo\Desktop\assimp-5.0.0\contrib\openddlparser\code\Value.cpp">
      <Filter>Contrib\openddl_parser</Filter>
    </ClCompile>
    <ClCompile Include="C:\Users\Lenovo\Desktop\assimp-5.0.0\contrib\openddlparser\code\OpenDDLStream.cpp">
      <Filter>Contrib\openddl_parser</Filter>
    </ClCompile>
    <ClCompile Include="C:\Users\Lenovo\Desktop\assimp-5.0.0\contrib\Open3DGC\o3dgcArithmeticCodec.cpp">
      <Filter>Contrib\open3dgc</Filter>
    </ClCompile>
    <ClCompile Include="C:\Users\Lenovo\Desktop\assimp-5.0.0\contrib\Open3DGC\o3dgcDynamicVectorDecoder.cpp">
      <Filter>Contrib\open3dgc</Filter>
    </ClCompile>
    <ClCompile Include="C:\Users\Lenovo\Desktop\assimp-5.0.0\contrib\Open3DGC\o3dgcDynamicVectorEncoder.cpp">
      <Filter>Contrib\open3dgc</Filter>
    </ClCompile>
    <ClCompile Include="C:\Users\Lenovo\Desktop\assimp-5.0.0\contrib\Open3DGC\o3dgcTools.cpp">
      <Filter>Contrib\open3dgc</Filter>
    </ClCompile>
    <ClCompile Include="C:\Users\Lenovo\Desktop\assimp-5.0.0\contrib\Open3DGC\o3dgcTriangleFans.cpp">
      <Filter>Contrib\open3dgc</Filter>
    </ClCompile>
    <ClCompile Include="C:\Users\Lenovo\Desktop\assimp-5.0.0\contrib\zip\src\zip.c">
      <Filter>ziplib</Filter>
    </ClCompile>
  </ItemGroup>
  <ItemGroup>
    <ClInclude Include="C:\Users\Lenovo\Desktop\assimp-5.0.0\code\CApi\CInterfaceIOWrapper.h">
      <Filter>CApi</Filter>
    </ClInclude>
    <ClInclude Include="C:\Users\Lenovo\Desktop\assimp-5.0.0\code\Common\BaseProcess.h">
      <Filter>Common</Filter>
    </ClInclude>
    <ClInclude Include="C:\Users\Lenovo\Desktop\assimp-5.0.0\code\Common\Importer.h">
      <Filter>Common</Filter>
    </ClInclude>
    <ClInclude Include="C:\Users\Lenovo\Desktop\assimp-5.0.0\code\Common\ScenePrivate.h">
      <Filter>Common</Filter>
    </ClInclude>
    <ClInclude Include="C:\Users\Lenovo\Desktop\assimp-5.0.0\code\Common\DefaultProgressHandler.h">
      <Filter>Common</Filter>
    </ClInclude>
    <ClInclude Include="C:\Users\Lenovo\Desktop\assimp-5.0.0\code\Common\PolyTools.h">
      <Filter>Common</Filter>
    </ClInclude>
    <ClInclude Include="C:\Users\Lenovo\Desktop\assimp-5.0.0\code\Common\IFF.h">
      <Filter>Common</Filter>
    </ClInclude>
    <ClInclude Include="C:\Users\Lenovo\Desktop\assimp-5.0.0\code\Common\VertexTriangleAdjacency.h">
      <Filter>Common</Filter>
    </ClInclude>
    <ClInclude Include="C:\Users\Lenovo\Desktop\assimp-5.0.0\code\Common\ScenePreprocessor.h">
      <Filter>Common</Filter>
    </ClInclude>
    <ClInclude Include="C:\Users\Lenovo\Desktop\assimp-5.0.0\code\Common\SplitByBoneCountProcess.h">
      <Filter>Common</Filter>
    </ClInclude>
    <ClInclude Include="C:\Users\Lenovo\Desktop\assimp-5.0.0\code\Common\TargetAnimation.h">
      <Filter>Common</Filter>
    </ClInclude>
    <ClInclude Include="C:\Users\Lenovo\Desktop\assimp-5.0.0\code\Common\simd.h">
      <Filter>Common</Filter>
    </ClInclude>
    <ClInclude Include="C:\Users\Lenovo\Desktop\assimp-5.0.0\include\assimp\DefaultLogger.hpp">
      <Filter>Logging</Filter>
    </ClInclude>
    <ClInclude Include="C:\Users\Lenovo\Desktop\assimp-5.0.0\include\assimp\LogStream.hpp">
      <Filter>Logging</Filter>
    </ClInclude>
    <ClInclude Include="C:\Users\Lenovo\Desktop\assimp-5.0.0\include\assimp\Logger.hpp">
      <Filter>Logging</Filter>
    </ClInclude>
    <ClInclude Include="C:\Users\Lenovo\Desktop\assimp-5.0.0\include\assimp\NullLogger.hpp">
      <Filter>Logging</Filter>
    </ClInclude>
    <ClInclude Include="C:\Users\Lenovo\Desktop\assimp-5.0.0\code\Common\Win32DebugLogStream.h">
      <Filter>Logging</Filter>
    </ClInclude>
    <ClInclude Include="C:\Users\Lenovo\Desktop\assimp-5.0.0\code\Common\FileLogStream.h">
      <Filter>Logging</Filter>
    </ClInclude>
    <ClInclude Include="C:\Users\Lenovo\Desktop\assimp-5.0.0\code\Common\StdOStreamLogStream.h">
      <Filter>Logging</Filter>
    </ClInclude>
    <ClInclude Include="C:\Users\Lenovo\Desktop\assimp-5.0.0\include\assimp\BlobIOSystem.h">
      <Filter>Exporter</Filter>
    </ClInclude>
    <ClInclude Include="C:\Users\Lenovo\Desktop\assimp-5.0.0\code\PostProcessing\CalcTangentsProcess.h">
      <Filter>PostProcessing</Filter>
    </ClInclude>
    <ClInclude Include="C:\Users\Lenovo\Desktop\assimp-5.0.0\code\PostProcessing\ComputeUVMappingProcess.h">
      <Filter>PostProcessing</Filter>
    </ClInclude>
    <ClInclude Include="C:\Users\Lenovo\Desktop\assimp-5.0.0\code\PostProcessing\ConvertToLHProcess.h">
      <Filter>PostProcessing</Filter>
    </ClInclude>
    <ClInclude Include="C:\Users\Lenovo\Desktop\assimp-5.0.0\code\PostProcessing\EmbedTexturesProcess.h">
      <Filter>PostProcessing</Filter>
    </ClInclude>
    <ClInclude Include="C:\Users\Lenovo\Desktop\assimp-5.0.0\code\PostProcessing\FindDegenerates.h">
      <Filter>PostProcessing</Filter>
    </ClInclude>
    <ClInclude Include="C:\Users\Lenovo\Desktop\assimp-5.0.0\code\PostProcessing\FindInstancesProcess.h">
      <Filter>PostProcessing</Filter>
    </ClInclude>
    <ClInclude Include="C:\Users\Lenovo\Desktop\assimp-5.0.0\code\PostProcessing\FindInvalidDataProcess.h">
      <Filter>PostProcessing</Filter>
    </ClInclude>
    <ClInclude Include="C:\Users\Lenovo\Desktop\assimp-5.0.0\code\PostProcessing\FixNormalsStep.h">
      <Filter>PostProcessing</Filter>
    </ClInclude>
    <ClInclude Include="C:\Users\Lenovo\Desktop\assimp-5.0.0\code\PostProcessing\DropFaceNormalsProcess.h">
      <Filter>PostProcessing</Filter>
    </ClInclude>
    <ClInclude Include="C:\Users\Lenovo\Desktop\assimp-5.0.0\code\PostProcessing\GenFaceNormalsProcess.h">
      <Filter>PostProcessing</Filter>
    </ClInclude>
    <ClInclude Include="C:\Users\Lenovo\Desktop\assimp-5.0.0\code\PostProcessing\GenVertexNormalsProcess.h">
      <Filter>PostProcessing</Filter>
    </ClInclude>
    <ClInclude Include="C:\Users\Lenovo\Desktop\assimp-5.0.0\code\PostProcessing\PretransformVertices.h">
      <Filter>PostProcessing</Filter>
    </ClInclude>
    <ClInclude Include="C:\Users\Lenovo\Desktop\assimp-5.0.0\code\PostProcessing\ImproveCacheLocality.h">
      <Filter>PostProcessing</Filter>
    </ClInclude>
    <ClInclude Include="C:\Users\Lenovo\Desktop\assimp-5.0.0\code\PostProcessing\JoinVerticesProcess.h">
      <Filter>PostProcessing</Filter>
    </ClInclude>
    <ClInclude Include="C:\Users\Lenovo\Desktop\assimp-5.0.0\code\PostProcessing\LimitBoneWeightsProcess.h">
      <Filter>PostProcessing</Filter>
    </ClInclude>
    <ClInclude Include="C:\Users\Lenovo\Desktop\assimp-5.0.0\code\PostProcessing\RemoveRedundantMaterials.h">
      <Filter>PostProcessing</Filter>
    </ClInclude>
    <ClInclude Include="C:\Users\Lenovo\Desktop\assimp-5.0.0\code\PostProcessing\RemoveVCProcess.h">
      <Filter>PostProcessing</Filter>
    </ClInclude>
    <ClInclude Include="C:\Users\Lenovo\Desktop\assimp-5.0.0\code\PostProcessing\SortByPTypeProcess.h">
      <Filter>PostProcessing</Filter>
    </ClInclude>
    <ClInclude Include="C:\Users\Lenovo\Desktop\assimp-5.0.0\code\PostProcessing\SplitLargeMeshes.h">
      <Filter>PostProcessing</Filter>
    </ClInclude>
    <ClInclude Include="C:\Users\Lenovo\Desktop\assimp-5.0.0\code\PostProcessing\TextureTransform.h">
      <Filter>PostProcessing</Filter>
    </ClInclude>
    <ClInclude Include="C:\Users\Lenovo\Desktop\assimp-5.0.0\code\PostProcessing\TriangulateProcess.h">
      <Filter>PostProcessing</Filter>
    </ClInclude>
    <ClInclude Include="C:\Users\Lenovo\Desktop\assimp-5.0.0\code\PostProcessing\ValidateDataStructure.h">
      <Filter>PostProcessing</Filter>
    </ClInclude>
    <ClInclude Include="C:\Users\Lenovo\Desktop\assimp-5.0.0\code\PostProcessing\OptimizeGraph.h">
      <Filter>PostProcessing</Filter>
    </ClInclude>
    <ClInclude Include="C:\Users\Lenovo\Desktop\assimp-5.0.0\code\PostProcessing\OptimizeMeshes.h">
      <Filter>PostProcessing</Filter>
    </ClInclude>
    <ClInclude Include="C:\Users\Lenovo\Desktop\assimp-5.0.0\code\PostProcessing\DeboneProcess.h">
      <Filter>PostProcessing</Filter>
    </ClInclude>
    <ClInclude Include="C:\Users\Lenovo\Desktop\assimp-5.0.0\code\PostProcessing\ProcessHelper.h">
      <Filter>PostProcessing</Filter>
    </ClInclude>
    <ClInclude Include="C:\Users\Lenovo\Desktop\assimp-5.0.0\code\PostProcessing\MakeVerboseFormat.h">
      <Filter>PostProcessing</Filter>
    </ClInclude>
    <ClInclude Include="C:\Users\Lenovo\Desktop\assimp-5.0.0\code\PostProcessing\ScaleProcess.h">
      <Filter>PostProcessing</Filter>
    </ClInclude>
    <ClInclude Include="C:\Users\Lenovo\Desktop\assimp-5.0.0\code\PostProcessing\GenBoundingBoxesProcess.h">
      <Filter>PostProcessing</Filter>
    </ClInclude>
    <ClInclude Include="C:\Users\Lenovo\Desktop\assimp-5.0.0\code\Material\MaterialSystem.h">
      <Filter>MaterialSystem</Filter>
    </ClInclude>
    <ClInclude Include="C:\Users\Lenovo\Desktop\assimp-5.0.0\code\Importer\STEPParser\STEPFileReader.h">
      <Filter>STEPParser</Filter>
    </ClInclude>
    <ClInclude Include="C:\Users\Lenovo\Desktop\assimp-5.0.0\code\Importer\STEPParser\STEPFileEncoding.h">
      <Filter>STEPParser</Filter>
    </ClInclude>
    <ClInclude Include="C:\Users\Lenovo\Desktop\assimp-5.0.0\code\AMF\AMFImporter.hpp">
      <Filter>AMF</Filter>
    </ClInclude>
    <ClInclude Include="C:\Users\Lenovo\Desktop\assimp-5.0.0\code\AMF\AMFImporter_Macro.hpp">
      <Filter>AMF</Filter>
    </ClInclude>
    <ClInclude Include="C:\Users\Lenovo\Desktop\assimp-5.0.0\code\AMF\AMFImporter_Node.hpp">
      <Filter>AMF</Filter>
    </ClInclude>
    <ClInclude Include="C:\Users\Lenovo\Desktop\assimp-5.0.0\code\3DS\3DSHelper.h">
      <Filter>3DS</Filter>
    </ClInclude>
    <ClInclude Include="C:\Users\Lenovo\Desktop\assimp-5.0.0\code\3DS\3DSLoader.h">
      <Filter>3DS</Filter>
    </ClInclude>
    <ClInclude Include="C:\Users\Lenovo\Desktop\assimp-5.0.0\code\AC\ACLoader.h">
      <Filter>AC</Filter>
    </ClInclude>
    <ClInclude Include="C:\Users\Lenovo\Desktop\assimp-5.0.0\code\ASE\ASELoader.h">
      <Filter>ASE</Filter>
    </ClInclude>
    <ClInclude Include="C:\Users\Lenovo\Desktop\assimp-5.0.0\code\ASE\ASEParser.h">
      <Filter>ASE</Filter>
    </ClInclude>
    <ClInclude Include="C:\Users\Lenovo\Desktop\assimp-5.0.0\code\Assbin\AssbinLoader.h">
      <Filter>ASSBIN</Filter>
    </ClInclude>
    <ClInclude Include="C:\Users\Lenovo\Desktop\assimp-5.0.0\code\B3D\B3DImporter.h">
      <Filter>B3D</Filter>
    </ClInclude>
    <ClInclude Include="C:\Users\Lenovo\Desktop\assimp-5.0.0\code\BVH\BVHLoader.h">
      <Filter>BVH</Filter>
    </ClInclude>
    <ClInclude Include="C:\Users\Lenovo\Desktop\assimp-5.0.0\code\Collada\ColladaHelper.h">
      <Filter>COLLADA</Filter>
    </ClInclude>
    <ClInclude Include="C:\Users\Lenovo\Desktop\assimp-5.0.0\code\Collada\ColladaLoader.h">
      <Filter>COLLADA</Filter>
    </ClInclude>
    <ClInclude Include="C:\Users\Lenovo\Desktop\assimp-5.0.0\code\Collada\ColladaParser.h">
      <Filter>COLLADA</Filter>
    </ClInclude>
    <ClInclude Include="C:\Users\Lenovo\Desktop\assimp-5.0.0\code\DXF\DXFLoader.h">
      <Filter>DXF</Filter>
    </ClInclude>
    <ClInclude Include="C:\Users\Lenovo\Desktop\assimp-5.0.0\code\DXF\DXFHelper.h">
      <Filter>DXF</Filter>
    </ClInclude>
    <ClInclude Include="C:\Users\Lenovo\Desktop\assimp-5.0.0\code\CSM\CSMLoader.h">
      <Filter>CSM</Filter>
    </ClInclude>
    <ClInclude Include="C:\Users\Lenovo\Desktop\assimp-5.0.0\code\HMP\HMPFileData.h">
      <Filter>HMP</Filter>
    </ClInclude>
    <ClInclude Include="C:\Users\Lenovo\Desktop\assimp-5.0.0\code\HMP\HMPLoader.h">
      <Filter>HMP</Filter>
    </ClInclude>
    <ClInclude Include="C:\Users\Lenovo\Desktop\assimp-5.0.0\code\HMP\HalfLifeFileData.h">
      <Filter>HMP</Filter>
    </ClInclude>
    <ClInclude Include="C:\Users\Lenovo\Desktop\assimp-5.0.0\code\Irr\IRRMeshLoader.h">
      <Filter>IRRMESH</Filter>
    </ClInclude>
    <ClInclude Include="C:\Users\Lenovo\Desktop\assimp-5.0.0\code\Irr\IRRShared.h">
      <Filter>IRR</Filter>
    </ClInclude>
    <ClInclude Include="C:\Users\Lenovo\Desktop\assimp-5.0.0\code\Irr\IRRLoader.h">
      <Filter>IRR</Filter>
    </ClInclude>
    <ClInclude Include="C:\Users\Lenovo\Desktop\assimp-5.0.0\code\LWO\LWOAnimation.h">
      <Filter>LWO</Filter>
    </ClInclude>
    <ClInclude Include="C:\Users\Lenovo\Desktop\assimp-5.0.0\code\LWO\LWOFileData.h">
      <Filter>LWO</Filter>
    </ClInclude>
    <ClInclude Include="C:\Users\Lenovo\Desktop\assimp-5.0.0\code\LWO\LWOLoader.h">
      <Filter>LWO</Filter>
    </ClInclude>
    <ClInclude Include="C:\Users\Lenovo\Desktop\assimp-5.0.0\code\LWS\LWSLoader.h">
      <Filter>LWS</Filter>
    </ClInclude>
    <ClInclude Include="C:\Users\Lenovo\Desktop\assimp-5.0.0\code\MD2\MD2FileData.h">
      <Filter>MD2</Filter>
    </ClInclude>
    <ClInclude Include="C:\Users\Lenovo\Desktop\assimp-5.0.0\code\MD2\MD2Loader.h">
      <Filter>MD2</Filter>
    </ClInclude>
    <ClInclude Include="C:\Users\Lenovo\Desktop\assimp-5.0.0\code\MD2\MD2NormalTable.h">
      <Filter>MD2</Filter>
    </ClInclude>
    <ClInclude Include="C:\Users\Lenovo\Desktop\assimp-5.0.0\code\MD3\MD3FileData.h">
      <Filter>MD3</Filter>
    </ClInclude>
    <ClInclude Include="C:\Users\Lenovo\Desktop\assimp-5.0.0\code\MD3\MD3Loader.h">
      <Filter>MD3</Filter>
    </ClInclude>
    <ClInclude Include="C:\Users\Lenovo\Desktop\assimp-5.0.0\code\MD5\MD5Loader.h">
      <Filter>MD5</Filter>
    </ClInclude>
    <ClInclude Include="C:\Users\Lenovo\Desktop\assimp-5.0.0\code\MD5\MD5Parser.h">
      <Filter>MD5</Filter>
    </ClInclude>
    <ClInclude Include="C:\Users\Lenovo\Desktop\assimp-5.0.0\code\MDC\MDCFileData.h">
      <Filter>MDC</Filter>
    </ClInclude>
    <ClInclude Include="C:\Users\Lenovo\Desktop\assimp-5.0.0\code\MDC\MDCLoader.h">
      <Filter>MDC</Filter>
    </ClInclude>
    <ClInclude Include="C:\Users\Lenovo\Desktop\assimp-5.0.0\code\MDC\MDCNormalTable.h">
      <Filter>MDC</Filter>
    </ClInclude>
    <ClInclude Include="C:\Users\Lenovo\Desktop\assimp-5.0.0\code\MDL\MDLDefaultColorMap.h">
      <Filter>MDL</Filter>
    </ClInclude>
    <ClInclude Include="C:\Users\Lenovo\Desktop\assimp-5.0.0\code\MDL\MDLFileData.h">
      <Filter>MDL</Filter>
    </ClInclude>
    <ClInclude Include="C:\Users\Lenovo\Desktop\assimp-5.0.0\code\MDL\MDLLoader.h">
      <Filter>MDL</Filter>
    </ClInclude>
    <ClInclude Include="C:\Users\Lenovo\Desktop\assimp-5.0.0\code\NFF\NFFLoader.h">
      <Filter>NFF</Filter>
    </ClInclude>
    <ClInclude Include="C:\Users\Lenovo\Desktop\assimp-5.0.0\code\NDO\NDOLoader.h">
      <Filter>NDO</Filter>
    </ClInclude>
    <ClInclude Include="C:\Users\Lenovo\Desktop\assimp-5.0.0\code\OFF\OFFLoader.h">
      <Filter>OFF</Filter>
    </ClInclude>
    <ClInclude Include="C:\Users\Lenovo\Desktop\assimp-5.0.0\code\Obj\ObjFileData.h">
      <Filter>OBJ</Filter>
    </ClInclude>
    <ClInclude Include="C:\Users\Lenovo\Desktop\assimp-5.0.0\code\Obj\ObjFileImporter.h">
      <Filter>OBJ</Filter>
    </ClInclude>
    <ClInclude Include="C:\Users\Lenovo\Desktop\assimp-5.0.0\code\Obj\ObjFileMtlImporter.h">
      <Filter>OBJ</Filter>
    </ClInclude>
    <ClInclude Include="C:\Users\Lenovo\Desktop\assimp-5.0.0\code\Obj\ObjFileParser.h">
      <Filter>OBJ</Filter>
    </ClInclude>
    <ClInclude Include="C:\Users\Lenovo\Desktop\assimp-5.0.0\code\Obj\ObjTools.h">
      <Filter>OBJ</Filter>
    </ClInclude>
    <ClInclude Include="C:\Users\Lenovo\Desktop\assimp-5.0.0\code\Ogre\OgreImporter.h">
      <Filter>OGRE</Filter>
    </ClInclude>
    <ClInclude Include="C:\Users\Lenovo\Desktop\assimp-5.0.0\code\Ogre\OgreStructs.h">
      <Filter>OGRE</Filter>
    </ClInclude>
    <ClInclude Include="C:\Users\Lenovo\Desktop\assimp-5.0.0\code\Ogre\OgreParsingUtils.h">
      <Filter>OGRE</Filter>
    </ClInclude>
    <ClInclude Include="C:\Users\Lenovo\Desktop\assimp-5.0.0\code\Ogre\OgreBinarySerializer.h">
      <Filter>OGRE</Filter>
    </ClInclude>
    <ClInclude Include="C:\Users\Lenovo\Desktop\assimp-5.0.0\code\Ogre\OgreXmlSerializer.h">
      <Filter>OGRE</Filter>
    </ClInclude>
    <ClInclude Include="C:\Users\Lenovo\Desktop\assimp-5.0.0\code\OpenGEX\OpenGEXImporter.h">
      <Filter>OPENGEX</Filter>
    </ClInclude>
    <ClInclude Include="C:\Users\Lenovo\Desktop\assimp-5.0.0\code\OpenGEX\OpenGEXStructs.h">
      <Filter>OPENGEX</Filter>
    </ClInclude>
    <ClInclude Include="C:\Users\Lenovo\Desktop\assimp-5.0.0\code\Ply\PlyLoader.h">
      <Filter>PLY</Filter>
    </ClInclude>
    <ClInclude Include="C:\Users\Lenovo\Desktop\assimp-5.0.0\code\Ply\PlyParser.h">
      <Filter>PLY</Filter>
    </ClInclude>
    <ClInclude Include="C:\Users\Lenovo\Desktop\assimp-5.0.0\code\MS3D\MS3DLoader.h">
      <Filter>MS3D</Filter>
    </ClInclude>
    <ClInclude Include="C:\Users\Lenovo\Desktop\assimp-5.0.0\code\COB\COBLoader.h">
      <Filter>COB</Filter>
    </ClInclude>
    <ClInclude Include="C:\Users\Lenovo\Desktop\assimp-5.0.0\code\COB\COBScene.h">
      <Filter>COB</Filter>
    </ClInclude>
    <ClInclude Include="C:\Users\Lenovo\Desktop\assimp-5.0.0\code\Blender\BlenderLoader.h">
      <Filter>BLEND</Filter>
    </ClInclude>
    <ClInclude Include="C:\Users\Lenovo\Desktop\assimp-5.0.0\code\Blender\BlenderDNA.h">
      <Filter>BLEND</Filter>
    </ClInclude>
    <ClInclude Include="C:\Users\Lenovo\Desktop\assimp-5.0.0\code\Blender\BlenderDNA.inl">
      <Filter>BLEND</Filter>
    </ClInclude>
    <ClInclude Include="C:\Users\Lenovo\Desktop\assimp-5.0.0\code\Blender\BlenderScene.h">
      <Filter>BLEND</Filter>
    </ClInclude>
    <ClInclude Include="C:\Users\Lenovo\Desktop\assimp-5.0.0\code\Blender\BlenderSceneGen.h">
      <Filter>BLEND</Filter>
    </ClInclude>
    <ClInclude Include="C:\Users\Lenovo\Desktop\assimp-5.0.0\code\Blender\BlenderIntermediate.h">
      <Filter>BLEND</Filter>
    </ClInclude>
    <ClInclude Include="C:\Users\Lenovo\Desktop\assimp-5.0.0\code\Blender\BlenderModifier.h">
      <Filter>BLEND</Filter>
    </ClInclude>
    <ClInclude Include="C:\Users\Lenovo\Desktop\assimp-5.0.0\code\Blender\BlenderBMesh.h">
      <Filter>BLEND</Filter>
    </ClInclude>
    <ClInclude Include="C:\Users\Lenovo\Desktop\assimp-5.0.0\code\Blender\BlenderTessellator.h">
      <Filter>BLEND</Filter>
    </ClInclude>
    <ClInclude Include="C:\Users\Lenovo\Desktop\assimp-5.0.0\code\Blender\BlenderCustomData.h">
      <Filter>BLEND</Filter>
    </ClInclude>
    <ClInclude Include="C:\Users\Lenovo\Desktop\assimp-5.0.0\code\Importer\IFC\IFCLoader.h">
      <Filter>IFC</Filter>
    </ClInclude>
    <ClInclude Include="C:\Users\Lenovo\Desktop\assimp-5.0.0\code\Importer\IFC\IFCReaderGen_2x3.h">
      <Filter>IFC</Filter>
    </ClInclude>
    <ClInclude Include="C:\Users\Lenovo\Desktop\assimp-5.0.0\code\Importer\IFC\IFCUtil.h">
      <Filter>IFC</Filter>
    </ClInclude>
    <ClInclude Include="C:\Users\Lenovo\Desktop\assimp-5.0.0\code\XGL\XGLLoader.h">
      <Filter>XGL</Filter>
    </ClInclude>
    <ClInclude Include="C:\Users\Lenovo\Desktop\assimp-5.0.0\code\FBX\FBXCompileConfig.h">
      <Filter>FBX</Filter>
    </ClInclude>
    <ClInclude Include="C:\Users\Lenovo\Desktop\assimp-5.0.0\code\FBX\FBXImporter.h">
      <Filter>FBX</Filter>
    </ClInclude>
    <ClInclude Include="C:\Users\Lenovo\Desktop\assimp-5.0.0\code\FBX\FBXParser.h">
      <Filter>FBX</Filter>
    </ClInclude>
    <ClInclude Include="C:\Users\Lenovo\Desktop\assimp-5.0.0\code\FBX\FBXTokenizer.h">
      <Filter>FBX</Filter>
    </ClInclude>
    <ClInclude Include="C:\Users\Lenovo\Desktop\assimp-5.0.0\code\FBX\FBXImportSettings.h">
      <Filter>FBX</Filter>
    </ClInclude>
    <ClInclude Include="C:\Users\Lenovo\Desktop\assimp-5.0.0\code\FBX\FBXConverter.h">
      <Filter>FBX</Filter>
    </ClInclude>
    <ClInclude Include="C:\Users\Lenovo\Desktop\assimp-5.0.0\code\FBX\FBXUtil.h">
      <Filter>FBX</Filter>
    </ClInclude>
    <ClInclude Include="C:\Users\Lenovo\Desktop\assimp-5.0.0\code\FBX\FBXDocument.h">
      <Filter>FBX</Filter>
    </ClInclude>
    <ClInclude Include="C:\Users\Lenovo\Desktop\assimp-5.0.0\code\FBX\FBXProperties.h">
      <Filter>FBX</Filter>
    </ClInclude>
    <ClInclude Include="C:\Users\Lenovo\Desktop\assimp-5.0.0\code\FBX\FBXMeshGeometry.h">
      <Filter>FBX</Filter>
    </ClInclude>
    <ClInclude Include="C:\Users\Lenovo\Desktop\assimp-5.0.0\code\FBX\FBXCommon.h">
      <Filter>FBX</Filter>
    </ClInclude>
    <ClInclude Include="C:\Users\Lenovo\Desktop\assimp-5.0.0\code\Q3D\Q3DLoader.h">
      <Filter>Q3D</Filter>
    </ClInclude>
    <ClInclude Include="C:\Users\Lenovo\Desktop\assimp-5.0.0\code\Q3BSP\Q3BSPFileData.h">
      <Filter>Q3BSP</Filter>
    </ClInclude>
    <ClInclude Include="C:\Users\Lenovo\Desktop\assimp-5.0.0\code\Q3BSP\Q3BSPFileParser.h">
      <Filter>Q3BSP</Filter>
    </ClInclude>
    <ClInclude Include="C:\Users\Lenovo\Desktop\assimp-5.0.0\code\Q3BSP\Q3BSPFileImporter.h">
      <Filter>Q3BSP</Filter>
    </ClInclude>
    <ClInclude Include="C:\Users\Lenovo\Desktop\assimp-5.0.0\code\Raw\RawLoader.h">
      <Filter>RAW</Filter>
    </ClInclude>
    <ClInclude Include="C:\Users\Lenovo\Desktop\assimp-5.0.0\code\SIB\SIBImporter.h">
      <Filter>SIB</Filter>
    </ClInclude>
    <ClInclude Include="C:\Users\Lenovo\Desktop\assimp-5.0.0\code\SMD\SMDLoader.h">
      <Filter>SMD</Filter>
    </ClInclude>
    <ClInclude Include="C:\Users\Lenovo\Desktop\assimp-5.0.0\code\STL\STLLoader.h">
      <Filter>STL</Filter>
    </ClInclude>
    <ClInclude Include="C:\Users\Lenovo\Desktop\assimp-5.0.0\code\Terragen\TerragenLoader.h">
      <Filter>TERRAGEN</Filter>
    </ClInclude>
    <ClInclude Include="C:\Users\Lenovo\Desktop\assimp-5.0.0\code\Unreal\UnrealLoader.h">
      <Filter>3D</Filter>
    </ClInclude>
    <ClInclude Include="C:\Users\Lenovo\Desktop\assimp-5.0.0\code\X\XFileHelper.h">
      <Filter>X</Filter>
    </ClInclude>
    <ClInclude Include="C:\Users\Lenovo\Desktop\assimp-5.0.0\code\X\XFileImporter.h">
      <Filter>X</Filter>
    </ClInclude>
    <ClInclude Include="C:\Users\Lenovo\Desktop\assimp-5.0.0\code\X\XFileParser.h">
      <Filter>X</Filter>
    </ClInclude>
    <ClInclude Include="C:\Users\Lenovo\Desktop\assimp-5.0.0\code\X3D\X3DImporter.hpp">
      <Filter>X3D</Filter>
    </ClInclude>
    <ClInclude Include="C:\Users\Lenovo\Desktop\assimp-5.0.0\code\X3D\X3DImporter_Macro.hpp">
      <Filter>X3D</Filter>
    </ClInclude>
    <ClInclude Include="C:\Users\Lenovo\Desktop\assimp-5.0.0\code\X3D\X3DImporter_Node.hpp">
      <Filter>X3D</Filter>
    </ClInclude>
    <ClInclude Include="C:\Users\Lenovo\Desktop\assimp-5.0.0\code\X3D\FIReader.hpp">
      <Filter>X3D</Filter>
    </ClInclude>
    <ClInclude Include="C:\Users\Lenovo\Desktop\assimp-5.0.0\code\glTF\glTFCommon.h">
      <Filter>GLTF</Filter>
    </ClInclude>
    <ClInclude Include="C:\Users\Lenovo\Desktop\assimp-5.0.0\code\glTF\glTFAsset.h">
      <Filter>GLTF</Filter>
    </ClInclude>
    <ClInclude Include="C:\Users\Lenovo\Desktop\assimp-5.0.0\code\glTF\glTFAsset.inl">
      <Filter>GLTF</Filter>
    </ClInclude>
    <ClInclude Include="C:\Users\Lenovo\Desktop\assimp-5.0.0\code\glTF\glTFAssetWriter.h">
      <Filter>GLTF</Filter>
    </ClInclude>
    <ClInclude Include="C:\Users\Lenovo\Desktop\assimp-5.0.0\code\glTF\glTFAssetWriter.inl">
      <Filter>GLTF</Filter>
    </ClInclude>
    <ClInclude Include="C:\Users\Lenovo\Desktop\assimp-5.0.0\code\glTF\glTFImporter.h">
      <Filter>GLTF</Filter>
    </ClInclude>
    <ClInclude Include="C:\Users\Lenovo\Desktop\assimp-5.0.0\code\glTF2\glTF2Asset.h">
      <Filter>GLTF</Filter>
    </ClInclude>
    <ClInclude Include="C:\Users\Lenovo\Desktop\assimp-5.0.0\code\glTF2\glTF2Asset.inl">
      <Filter>GLTF</Filter>
    </ClInclude>
    <ClInclude Include="C:\Users\Lenovo\Desktop\assimp-5.0.0\code\glTF2\glTF2AssetWriter.h">
      <Filter>GLTF</Filter>
    </ClInclude>
    <ClInclude Include="C:\Users\Lenovo\Desktop\assimp-5.0.0\code\glTF2\glTF2AssetWriter.inl">
      <Filter>GLTF</Filter>
    </ClInclude>
    <ClInclude Include="C:\Users\Lenovo\Desktop\assimp-5.0.0\code\glTF2\glTF2Importer.h">
      <Filter>GLTF</Filter>
    </ClInclude>
    <ClInclude Include="C:\Users\Lenovo\Desktop\assimp-5.0.0\code\3MF\D3MFImporter.h">
      <Filter>3MF</Filter>
    </ClInclude>
    <ClInclude Include="C:\Users\Lenovo\Desktop\assimp-5.0.0\code\3MF\D3MFOpcPackage.h">
      <Filter>3MF</Filter>
    </ClInclude>
    <ClInclude Include="C:\Users\Lenovo\Desktop\assimp-5.0.0\code\3MF\3MFXmlTags.h">
      <Filter>3MF</Filter>
    </ClInclude>
    <ClInclude Include="C:\Users\Lenovo\Desktop\assimp-5.0.0\code\MMD\MMDCpp14.h">
      <Filter>MMD</Filter>
    </ClInclude>
    <ClInclude Include="C:\Users\Lenovo\Desktop\assimp-5.0.0\code\MMD\MMDImporter.h">
      <Filter>MMD</Filter>
    </ClInclude>
    <ClInclude Include="C:\Users\Lenovo\Desktop\assimp-5.0.0\code\MMD\MMDPmdParser.h">
      <Filter>MMD</Filter>
    </ClInclude>
    <ClInclude Include="C:\Users\Lenovo\Desktop\assimp-5.0.0\code\MMD\MMDPmxParser.h">
      <Filter>MMD</Filter>
    </ClInclude>
    <ClInclude Include="C:\Users\Lenovo\Desktop\assimp-5.0.0\code\MMD\MMDVmdParser.h">
      <Filter>MMD</Filter>
    </ClInclude>
    <ClInclude Include="C:\Users\Lenovo\Desktop\assimp-5.0.0\code\Step\STEPFile.h">
      <Filter>STEP</Filter>
    </ClInclude>
    <ClInclude Include="C:\Users\Lenovo\Desktop\assimp-5.0.0\code\Importer\StepFile\StepFileImporter.h">
      <Filter>STEP</Filter>
    </ClInclude>
    <ClInclude Include="C:\Users\Lenovo\Desktop\assimp-5.0.0\code\Importer\StepFile\StepReaderGen.h">
      <Filter>STEP</Filter>
    </ClInclude>
    <ClInclude Include="C:\Users\Lenovo\Desktop\assimp-5.0.0\code\3DS\3DSExporter.h">
      <Filter>3DS_EXPORTER</Filter>
    </ClInclude>
    <ClInclude Include="C:\Users\Lenovo\Desktop\assimp-5.0.0\code\Assbin\AssbinExporter.h">
      <Filter>ASSBIN_EXPORTER</Filter>
    </ClInclude>
    <ClInclude Include="C:\Users\Lenovo\Desktop\assimp-5.0.0\code\Assxml\AssxmlExporter.h">
      <Filter>ASSXML_EXPORTER</Filter>
    </ClInclude>
    <ClInclude Include="C:\Users\Lenovo\Desktop\assimp-5.0.0\code\Collada\ColladaExporter.h">
      <Filter>COLLADA_EXPORTER</Filter>
    </ClInclude>
    <ClInclude Include="C:\Users\Lenovo\Desktop\assimp-5.0.0\code\Obj\ObjExporter.h">
      <Filter>OBJ_EXPORTER</Filter>
    </ClInclude>
    <ClInclude Include="C:\Users\Lenovo\Desktop\assimp-5.0.0\code\OpenGEX\OpenGEXExporter.h">
      <Filter>OPENGEX_EXPORTER</Filter>
    </ClInclude>
    <ClInclude Include="C:\Users\Lenovo\Desktop\assimp-5.0.0\code\Ply\PlyExporter.h">
      <Filter>PLY_EXPORTER</Filter>
    </ClInclude>
    <ClInclude Include="C:\Users\Lenovo\Desktop\assimp-5.0.0\code\FBX\FBXExporter.h">
      <Filter>FBX_EXPORTER</Filter>
    </ClInclude>
    <ClInclude Include="C:\Users\Lenovo\Desktop\assimp-5.0.0\code\FBX\FBXExportNode.h">
      <Filter>FBX_EXPORTER</Filter>
    </ClInclude>
    <ClInclude Include="C:\Users\Lenovo\Desktop\assimp-5.0.0\code\FBX\FBXExportProperty.h">
      <Filter>FBX_EXPORTER</Filter>
    </ClInclude>
    <ClInclude Include="C:\Users\Lenovo\Desktop\assimp-5.0.0\code\STL\STLExporter.h">
      <Filter>STL_EXPORTER</Filter>
    </ClInclude>
    <ClInclude Include="C:\Users\Lenovo\Desktop\assimp-5.0.0\code\X\XFileExporter.h">
      <Filter>X_EXPORTER</Filter>
    </ClInclude>
    <ClInclude Include="C:\Users\Lenovo\Desktop\assimp-5.0.0\code\X3D\X3DExporter.hpp">
      <Filter>X3D_EXPORTER</Filter>
    </ClInclude>
    <ClInclude Include="C:\Users\Lenovo\Desktop\assimp-5.0.0\code\glTF\glTFExporter.h">
      <Filter>GLTF_EXPORTER</Filter>
    </ClInclude>
    <ClInclude Include="C:\Users\Lenovo\Desktop\assimp-5.0.0\code\glTF2\glTF2Exporter.h">
      <Filter>GLTF_EXPORTER</Filter>
    </ClInclude>
    <ClInclude Include="C:\Users\Lenovo\Desktop\assimp-5.0.0\code\3MF\D3MFExporter.h">
      <Filter>3MF_EXPORTER</Filter>
    </ClInclude>
    <ClInclude Include="C:\Users\Lenovo\Desktop\assimp-5.0.0\code\Assjson\cencode.h">
      <Filter>ASSJSON_EXPORTER</Filter>
    </ClInclude>
    <ClInclude Include="C:\Users\Lenovo\Desktop\assimp-5.0.0\code\Assjson\mesh_splitter.h">
      <Filter>ASSJSON_EXPORTER</Filter>
    </ClInclude>
    <ClInclude Include="C:\Users\Lenovo\Desktop\assimp-5.0.0\code\Step\StepExporter.h">
      <Filter>STEP_EXPORTER</Filter>
    </ClInclude>
    <ClInclude Include="C:\Users\Lenovo\Desktop\assimp-5.0.0\include\assimp\irrXMLWrapper.h">
      <Filter>IrrXML</Filter>
    </ClInclude>
    <ClInclude Include="C:\Users\Lenovo\Desktop\assimp-5.0.0\contrib\unzip\crypt.h">
      <Filter>Contrib\unzip</Filter>
    </ClInclude>
    <ClInclude Include="C:\Users\Lenovo\Desktop\assimp-5.0.0\contrib\unzip\ioapi.h">
      <Filter>Contrib\unzip</Filter>
    </ClInclude>
    <ClInclude Include="C:\Users\Lenovo\Desktop\assimp-5.0.0\contrib\unzip\unzip.h">
      <Filter>Contrib\unzip</Filter>
    </ClInclude>
    <ClInclude Include="C:\Users\Lenovo\Desktop\assimp-5.0.0\contrib\poly2tri\poly2tri\common\shapes.h">
      <Filter>Contrib\Poly2Tri</Filter>
    </ClInclude>
    <ClInclude Include="C:\Users\Lenovo\Desktop\assimp-5.0.0\contrib\poly2tri\poly2tri\common\utils.h">
      <Filter>Contrib\Poly2Tri</Filter>
    </ClInclude>
    <ClInclude Include="C:\Users\Lenovo\Desktop\assimp-5.0.0\contrib\poly2tri\poly2tri\sweep\advancing_front.h">
      <Filter>Contrib\Poly2Tri</Filter>
    </ClInclude>
    <ClInclude Include="C:\Users\Lenovo\Desktop\assimp-5.0.0\contrib\poly2tri\poly2tri\sweep\cdt.h">
      <Filter>Contrib\Poly2Tri</Filter>
    </ClInclude>
    <ClInclude Include="C:\Users\Lenovo\Desktop\assimp-5.0.0\contrib\poly2tri\poly2tri\sweep\sweep.h">
      <Filter>Contrib\Poly2Tri</Filter>
    </ClInclude>
    <ClInclude Include="C:\Users\Lenovo\Desktop\assimp-5.0.0\contrib\poly2tri\poly2tri\sweep\sweep_context.h">
      <Filter>Contrib\Poly2Tri</Filter>
    </ClInclude>
    <ClInclude Include="C:\Users\Lenovo\Desktop\assimp-5.0.0\contrib\clipper\clipper.hpp">
      <Filter>Contrib\Clipper</Filter>
    </ClInclude>
    <ClInclude Include="C:\Users\Lenovo\Desktop\assimp-5.0.0\contrib\openddlparser\include\openddlparser\OpenDDLParser.h">
      <Filter>Contrib\openddl_parser</Filter>
    </ClInclude>
    <ClInclude Include="C:\Users\Lenovo\Desktop\assimp-5.0.0\contrib\openddlparser\include\openddlparser\OpenDDLParserUtils.h">
      <Filter>Contrib\openddl_parser</Filter>
    </ClInclude>
    <ClInclude Include="C:\Users\Lenovo\Desktop\assimp-5.0.0\contrib\openddlparser\include\openddlparser\OpenDDLCommon.h">
      <Filter>Contrib\openddl_parser</Filter>
    </ClInclude>
    <ClInclude Include="C:\Users\Lenovo\Desktop\assimp-5.0.0\contrib\openddlparser\include\openddlparser\OpenDDLExport.h">
      <Filter>Contrib\openddl_parser</Filter>
    </ClInclude>
    <ClInclude Include="C:\Users\Lenovo\Desktop\assimp-5.0.0\contrib\openddlparser\include\openddlparser\OpenDDLStream.h">
      <Filter>Contrib\openddl_parser</Filter>
    </ClInclude>
    <ClInclude Include="C:\Users\Lenovo\Desktop\assimp-5.0.0\contrib\openddlparser\include\openddlparser\DDLNode.h">
      <Filter>Contrib\openddl_parser</Filter>
    </ClInclude>
    <ClInclude Include="C:\Users\Lenovo\Desktop\assimp-5.0.0\contrib\openddlparser\include\openddlparser\Value.h">
      <Filter>Contrib\openddl_parser</Filter>
    </ClInclude>
    <ClInclude Include="C:\Users\Lenovo\Desktop\assimp-5.0.0\contrib\Open3DGC\o3dgcAdjacencyInfo.h">
      <Filter>Contrib\open3dgc</Filter>
    </ClInclude>
    <ClInclude Include="C:\Users\Lenovo\Desktop\assimp-5.0.0\contrib\Open3DGC\o3dgcArithmeticCodec.h">
      <Filter>Contrib\open3dgc</Filter>
    </ClInclude>
    <ClInclude Include="C:\Users\Lenovo\Desktop\assimp-5.0.0\contrib\Open3DGC\o3dgcBinaryStream.h">
      <Filter>Contrib\open3dgc</Filter>
    </ClInclude>
    <ClInclude Include="C:\Users\Lenovo\Desktop\assimp-5.0.0\contrib\Open3DGC\o3dgcCommon.h">
      <Filter>Contrib\open3dgc</Filter>
    </ClInclude>
    <ClInclude Include="C:\Users\Lenovo\Desktop\assimp-5.0.0\contrib\Open3DGC\o3dgcDVEncodeParams.h">
      <Filter>Contrib\open3dgc</Filter>
    </ClInclude>
    <ClInclude Include="C:\Users\Lenovo\Desktop\assimp-5.0.0\contrib\Open3DGC\o3dgcDynamicVectorDecoder.h">
      <Filter>Contrib\open3dgc</Filter>
    </ClInclude>
    <ClInclude Include="C:\Users\Lenovo\Desktop\assimp-5.0.0\contrib\Open3DGC\o3dgcDynamicVectorEncoder.h">
      <Filter>Contrib\open3dgc</Filter>
    </ClInclude>
    <ClInclude Include="C:\Users\Lenovo\Desktop\assimp-5.0.0\contrib\Open3DGC\o3dgcDynamicVector.h">
      <Filter>Contrib\open3dgc</Filter>
    </ClInclude>
    <ClInclude Include="C:\Users\Lenovo\Desktop\assimp-5.0.0\contrib\Open3DGC\o3dgcFIFO.h">
      <Filter>Contrib\open3dgc</Filter>
    </ClInclude>
    <ClInclude Include="C:\Users\Lenovo\Desktop\assimp-5.0.0\contrib\Open3DGC\o3dgcIndexedFaceSet.h">
      <Filter>Contrib\open3dgc</Filter>
    </ClInclude>
    <ClInclude Include="C:\Users\Lenovo\Desktop\assimp-5.0.0\contrib\Open3DGC\o3dgcIndexedFaceSet.inl">
      <Filter>Contrib\open3dgc</Filter>
    </ClInclude>
    <ClInclude Include="C:\Users\Lenovo\Desktop\assimp-5.0.0\contrib\Open3DGC\o3dgcSC3DMCDecoder.h">
      <Filter>Contrib\open3dgc</Filter>
    </ClInclude>
    <ClInclude Include="C:\Users\Lenovo\Desktop\assimp-5.0.0\contrib\Open3DGC\o3dgcSC3DMCDecoder.inl">
      <Filter>Contrib\open3dgc</Filter>
    </ClInclude>
    <ClInclude Include="C:\Users\Lenovo\Desktop\assimp-5.0.0\contrib\Open3DGC\o3dgcSC3DMCEncodeParams.h">
      <Filter>Contrib\open3dgc</Filter>
    </ClInclude>
    <ClInclude Include="C:\Users\Lenovo\Desktop\assimp-5.0.0\contrib\Open3DGC\o3dgcSC3DMCEncoder.h">
      <Filter>Contrib\open3dgc</Filter>
    </ClInclude>
    <ClInclude Include="C:\Users\Lenovo\Desktop\assimp-5.0.0\contrib\Open3DGC\o3dgcSC3DMCEncoder.inl">
      <Filter>Contrib\open3dgc</Filter>
    </ClInclude>
    <ClInclude Include="C:\Users\Lenovo\Desktop\assimp-5.0.0\contrib\Open3DGC\o3dgcTimer.h">
      <Filter>Contrib\open3dgc</Filter>
    </ClInclude>
    <ClInclude Include="C:\Users\Lenovo\Desktop\assimp-5.0.0\contrib\Open3DGC\o3dgcTriangleFans.h">
      <Filter>Contrib\open3dgc</Filter>
    </ClInclude>
    <ClInclude Include="C:\Users\Lenovo\Desktop\assimp-5.0.0\contrib\Open3DGC\o3dgcTriangleListDecoder.h">
      <Filter>Contrib\open3dgc</Filter>
    </ClInclude>
    <ClInclude Include="C:\Users\Lenovo\Desktop\assimp-5.0.0\contrib\Open3DGC\o3dgcTriangleListDecoder.inl">
      <Filter>Contrib\open3dgc</Filter>
    </ClInclude>
    <ClInclude Include="C:\Users\Lenovo\Desktop\assimp-5.0.0\contrib\Open3DGC\o3dgcTriangleListEncoder.h">
      <Filter>Contrib\open3dgc</Filter>
    </ClInclude>
    <ClInclude Include="C:\Users\Lenovo\Desktop\assimp-5.0.0\contrib\Open3DGC\o3dgcTriangleListEncoder.inl">
      <Filter>Contrib\open3dgc</Filter>
    </ClInclude>
    <ClInclude Include="C:\Users\Lenovo\Desktop\assimp-5.0.0\contrib\Open3DGC\o3dgcVector.h">
      <Filter>Contrib\open3dgc</Filter>
    </ClInclude>
    <ClInclude Include="C:\Users\Lenovo\Desktop\assimp-5.0.0\contrib\Open3DGC\o3dgcVector.inl">
      <Filter>Contrib\open3dgc</Filter>
    </ClInclude>
    <ClInclude Include="C:\Users\Lenovo\Desktop\assimp-5.0.0\contrib\zip\src\miniz.h">
      <Filter>ziplib</Filter>
    </ClInclude>
    <ClInclude Include="C:\Users\Lenovo\Desktop\assimp-5.0.0\contrib\zip\src\zip.h">
      <Filter>ziplib</Filter>
    </ClInclude>
    <ClInclude Include="C:\Users\Lenovo\Desktop\assimp-5.0.0\include\assimp\anim.h">
      <Filter>Header Files</Filter>
    </ClInclude>
    <ClInclude Include="C:\Users\Lenovo\Desktop\assimp-5.0.0\include\assimp\aabb.h">
      <Filter>Header Files</Filter>
    </ClInclude>
    <ClInclude Include="C:\Users\Lenovo\Desktop\assimp-5.0.0\include\assimp\ai_assert.h">
      <Filter>Header Files</Filter>
    </ClInclude>
    <ClInclude Include="C:\Users\Lenovo\Desktop\assimp-5.0.0\include\assimp\camera.h">
      <Filter>Header Files</Filter>
    </ClInclude>
    <ClInclude Include="C:\Users\Lenovo\Desktop\assimp-5.0.0\include\assimp\color4.h">
      <Filter>Header Files</Filter>
    </ClInclude>
    <ClInclude Include="C:\Users\Lenovo\Desktop\assimp-5.0.0\include\assimp\color4.inl">
      <Filter>Header Files</Filter>
    </ClInclude>
    <ClInclude Include="C:\Users\Lenovo\Desktop\Build\include\assimp\config.h">
      <Filter>Header Files</Filter>
    </ClInclude>
    <ClInclude Include="C:\Users\Lenovo\Desktop\assimp-5.0.0\include\assimp\defs.h">
      <Filter>Header Files</Filter>
    </ClInclude>
    <ClInclude Include="C:\Users\Lenovo\Desktop\assimp-5.0.0\include\assimp\Defines.h">
      <Filter>Header Files</Filter>
    </ClInclude>
    <ClInclude Include="C:\Users\Lenovo\Desktop\assimp-5.0.0\include\assimp\cfileio.h">
      <Filter>Header Files</Filter>
    </ClInclude>
    <ClInclude Include="C:\Users\Lenovo\Desktop\assimp-5.0.0\include\assimp\light.h">
      <Filter>Header Files</Filter>
    </ClInclude>
    <ClInclude Include="C:\Users\Lenovo\Desktop\assimp-5.0.0\include\assimp\material.h">
      <Filter>Header Files</Filter>
    </ClInclude>
    <ClInclude Include="C:\Users\Lenovo\Desktop\assimp-5.0.0\include\assimp\material.inl">
      <Filter>Header Files</Filter>
    </ClInclude>
    <ClInclude Include="C:\Users\Lenovo\Desktop\assimp-5.0.0\include\assimp\matrix3x3.h">
      <Filter>Header Files</Filter>
    </ClInclude>
    <ClInclude Include="C:\Users\Lenovo\Desktop\assimp-5.0.0\include\assimp\matrix3x3.inl">
      <Filter>Header Files</Filter>
    </ClInclude>
    <ClInclude Include="C:\Users\Lenovo\Desktop\assimp-5.0.0\include\assimp\matrix4x4.h">
      <Filter>Header Files</Filter>
    </ClInclude>
    <ClInclude Include="C:\Users\Lenovo\Desktop\assimp-5.0.0\include\assimp\matrix4x4.inl">
      <Filter>Header Files</Filter>
    </ClInclude>
    <ClInclude Include="C:\Users\Lenovo\Desktop\assimp-5.0.0\include\assimp\mesh.h">
      <Filter>Header Files</Filter>
    </ClInclude>
    <ClInclude Include="C:\Users\Lenovo\Desktop\assimp-5.0.0\include\assimp\pbrmaterial.h">
      <Filter>Header Files</Filter>
    </ClInclude>
    <ClInclude Include="C:\Users\Lenovo\Desktop\assimp-5.0.0\include\assimp\postprocess.h">
      <Filter>Header Files</Filter>
    </ClInclude>
    <ClInclude Include="C:\Users\Lenovo\Desktop\assimp-5.0.0\include\assimp\quaternion.h">
      <Filter>Header Files</Filter>
    </ClInclude>
    <ClInclude Include="C:\Users\Lenovo\Desktop\assimp-5.0.0\include\assimp\quaternion.inl">
      <Filter>Header Files</Filter>
    </ClInclude>
    <ClInclude Include="C:\Users\Lenovo\Desktop\assimp-5.0.0\include\assimp\scene.h">
      <Filter>Header Files</Filter>
    </ClInclude>
    <ClInclude Include="C:\Users\Lenovo\Desktop\assimp-5.0.0\include\assimp\metadata.h">
      <Filter>Header Files</Filter>
    </ClInclude>
    <ClInclude Include="C:\Users\Lenovo\Desktop\assimp-5.0.0\include\assimp\texture.h">
      <Filter>Header Files</Filter>
    </ClInclude>
    <ClInclude Include="C:\Users\Lenovo\Desktop\assimp-5.0.0\include\assimp\types.h">
      <Filter>Header Files</Filter>
    </ClInclude>
    <ClInclude Include="C:\Users\Lenovo\Desktop\assimp-5.0.0\include\assimp\vector2.h">
      <Filter>Header Files</Filter>
    </ClInclude>
    <ClInclude Include="C:\Users\Lenovo\Desktop\assimp-5.0.0\include\assimp\vector2.inl">
      <Filter>Header Files</Filter>
    </ClInclude>
    <ClInclude Include="C:\Users\Lenovo\Desktop\assimp-5.0.0\include\assimp\vector3.h">
      <Filter>Header Files</Filter>
    </ClInclude>
    <ClInclude Include="C:\Users\Lenovo\Desktop\assimp-5.0.0\include\assimp\vector3.inl">
      <Filter>Header Files</Filter>
    </ClInclude>
    <ClInclude Include="C:\Users\Lenovo\Desktop\assimp-5.0.0\include\assimp\version.h">
      <Filter>Header Files</Filter>
    </ClInclude>
    <ClInclude Include="C:\Users\Lenovo\Desktop\assimp-5.0.0\include\assimp\cimport.h">
      <Filter>Header Files</Filter>
    </ClInclude>
    <ClInclude Include="C:\Users\Lenovo\Desktop\assimp-5.0.0\include\assimp\importerdesc.h">
      <Filter>Header Files</Filter>
    </ClInclude>
    <ClInclude Include="C:\Users\Lenovo\Desktop\assimp-5.0.0\include\assimp\Importer.hpp">
      <Filter>Header Files</Filter>
    </ClInclude>
    <ClInclude Include="C:\Users\Lenovo\Desktop\assimp-5.0.0\include\assimp\ProgressHandler.hpp">
      <Filter>Header Files</Filter>
    </ClInclude>
    <ClInclude Include="C:\Users\Lenovo\Desktop\assimp-5.0.0\include\assimp\IOStream.hpp">
      <Filter>Header Files</Filter>
    </ClInclude>
    <ClInclude Include="C:\Users\Lenovo\Desktop\assimp-5.0.0\include\assimp\IOSystem.hpp">
      <Filter>Header Files</Filter>
    </ClInclude>
    <ClInclude Include="C:\Users\Lenovo\Desktop\assimp-5.0.0\include\assimp\cexport.h">
      <Filter>Header Files</Filter>
    </ClInclude>
    <ClInclude Include="C:\Users\Lenovo\Desktop\assimp-5.0.0\include\assimp\Exporter.hpp">
      <Filter>Header Files</Filter>
    </ClInclude>
    <ClInclude Include="C:\Users\Lenovo\Desktop\assimp-5.0.0\include\assimp\DefaultIOStream.h">
      <Filter>Header Files</Filter>
    </ClInclude>
    <ClInclude Include="C:\Users\Lenovo\Desktop\assimp-5.0.0\include\assimp\DefaultIOSystem.h">
      <Filter>Header Files</Filter>
    </ClInclude>
    <ClInclude Include="C:\Users\Lenovo\Desktop\assimp-5.0.0\include\assimp\ZipArchiveIOSystem.h">
      <Filter>Header Files</Filter>
    </ClInclude>
    <ClInclude Include="C:\Users\Lenovo\Desktop\assimp-5.0.0\include\assimp\SceneCombiner.h">
      <Filter>Header Files</Filter>
    </ClInclude>
    <ClInclude Include="C:\Users\Lenovo\Desktop\assimp-5.0.0\include\assimp\fast_atof.h">
      <Filter>Header Files</Filter>
    </ClInclude>
    <ClInclude Include="C:\Users\Lenovo\Desktop\assimp-5.0.0\include\assimp\qnan.h">
      <Filter>Header Files</Filter>
    </ClInclude>
    <ClInclude Include="C:\Users\Lenovo\Desktop\assimp-5.0.0\include\assimp\BaseImporter.h">
      <Filter>Header Files</Filter>
    </ClInclude>
    <ClInclude Include="C:\Users\Lenovo\Desktop\assimp-5.0.0\include\assimp\Hash.h">
      <Filter>Header Files</Filter>
    </ClInclude>
    <ClInclude Include="C:\Users\Lenovo\Desktop\assimp-5.0.0\include\assimp\MemoryIOWrapper.h">
      <Filter>Header Files</Filter>
    </ClInclude>
    <ClInclude Include="C:\Users\Lenovo\Desktop\assimp-5.0.0\include\assimp\ParsingUtils.h">
      <Filter>Header Files</Filter>
    </ClInclude>
    <ClInclude Include="C:\Users\Lenovo\Desktop\assimp-5.0.0\include\assimp\StreamReader.h">
      <Filter>Header Files</Filter>
    </ClInclude>
    <ClInclude Include="C:\Users\Lenovo\Desktop\assimp-5.0.0\include\assimp\StreamWriter.h">
      <Filter>Header Files</Filter>
    </ClInclude>
    <ClInclude Include="C:\Users\Lenovo\Desktop\assimp-5.0.0\include\assimp\StringComparison.h">
      <Filter>Header Files</Filter>
    </ClInclude>
    <ClInclude Include="C:\Users\Lenovo\Desktop\assimp-5.0.0\include\assimp\StringUtils.h">
      <Filter>Header Files</Filter>
    </ClInclude>
    <ClInclude Include="C:\Users\Lenovo\Desktop\assimp-5.0.0\include\assimp\SGSpatialSort.h">
      <Filter>Header Files</Filter>
    </ClInclude>
    <ClInclude Include="C:\Users\Lenovo\Desktop\assimp-5.0.0\include\assimp\GenericProperty.h">
      <Filter>Header Files</Filter>
    </ClInclude>
    <ClInclude Include="C:\Users\Lenovo\Desktop\assimp-5.0.0\include\assimp\SpatialSort.h">
      <Filter>Header Files</Filter>
    </ClInclude>
    <ClInclude Include="C:\Users\Lenovo\Desktop\assimp-5.0.0\include\assimp\SkeletonMeshBuilder.h">
      <Filter>Header Files</Filter>
    </ClInclude>
    <ClInclude Include="C:\Users\Lenovo\Desktop\assimp-5.0.0\include\assimp\SmoothingGroups.h">
      <Filter>Header Files</Filter>
    </ClInclude>
    <ClInclude Include="C:\Users\Lenovo\Desktop\assimp-5.0.0\include\assimp\SmoothingGroups.inl">
      <Filter>Header Files</Filter>
    </ClInclude>
    <ClInclude Include="C:\Users\Lenovo\Desktop\assimp-5.0.0\include\assimp\StandardShapes.h">
      <Filter>Header Files</Filter>
    </ClInclude>
    <ClInclude Include="C:\Users\Lenovo\Desktop\assimp-5.0.0\include\assimp\RemoveComments.h">
      <Filter>Header Files</Filter>
    </ClInclude>
    <ClInclude Include="C:\Users\Lenovo\Desktop\assimp-5.0.0\include\assimp\Subdivision.h">
      <Filter>Header Files</Filter>
    </ClInclude>
    <ClInclude Include="C:\Users\Lenovo\Desktop\assimp-5.0.0\include\assimp\Vertex.h">
      <Filter>Header Files</Filter>
    </ClInclude>
    <ClInclude Include="C:\Users\Lenovo\Desktop\assimp-5.0.0\include\assimp\LineSplitter.h">
      <Filter>Header Files</Filter>
    </ClInclude>
    <ClInclude Include="C:\Users\Lenovo\Desktop\assimp-5.0.0\include\assimp\TinyFormatter.h">
      <Filter>Header Files</Filter>
    </ClInclude>
    <ClInclude Include="C:\Users\Lenovo\Desktop\assimp-5.0.0\include\assimp\Profiler.h">
      <Filter>Header Files</Filter>
    </ClInclude>
    <ClInclude Include="C:\Users\Lenovo\Desktop\assimp-5.0.0\include\assimp\LogAux.h">
      <Filter>Header Files</Filter>
    </ClInclude>
    <ClInclude Include="C:\Users\Lenovo\Desktop\assimp-5.0.0\include\assimp\Bitmap.h">
      <Filter>Header Files</Filter>
    </ClInclude>
    <ClInclude Include="C:\Users\Lenovo\Desktop\assimp-5.0.0\include\assimp\XMLTools.h">
      <Filter>Header Files</Filter>
    </ClInclude>
    <ClInclude Include="C:\Users\Lenovo\Desktop\assimp-5.0.0\include\assimp\IOStreamBuffer.h">
      <Filter>Header Files</Filter>
    </ClInclude>
    <ClInclude Include="C:\Users\Lenovo\Desktop\assimp-5.0.0\include\assimp\CreateAnimMesh.h">
      <Filter>Header Files</Filter>
    </ClInclude>
    <ClInclude Include="C:\Users\Lenovo\Desktop\assimp-5.0.0\include\assimp\MathFunctions.h">
      <Filter>Header Files</Filter>
    </ClInclude>
    <ClInclude Include="C:\Users\Lenovo\Desktop\assimp-5.0.0\include\assimp\Macros.h">
      <Filter>Header Files</Filter>
    </ClInclude>
    <ClInclude Include="C:\Users\Lenovo\Desktop\assimp-5.0.0\include\assimp\Exceptional.h">
      <Filter>Header Files</Filter>
    </ClInclude>
    <ClInclude Include="C:\Users\Lenovo\Desktop\assimp-5.0.0\include\assimp\ByteSwapper.h">
      <Filter>Header Files</Filter>
    </ClInclude>
    <ClInclude Include="C:\Users\Lenovo\Desktop\assimp-5.0.0\include\assimp\Compiler\pushpack1.h">
      <Filter>Compiler</Filter>
    </ClInclude>
    <ClInclude Include="C:\Users\Lenovo\Desktop\assimp-5.0.0\include\assimp\Compiler\poppack1.h">
      <Filter>Compiler</Filter>
    </ClInclude>
    <ClInclude Include="C:\Users\Lenovo\Desktop\assimp-5.0.0\include\assimp\Compiler\pstdint.h">
      <Filter>Compiler</Filter>
    </ClInclude>
  </ItemGroup>
  <ItemGroup>
    <CustomBuild Include="C:\Users\Lenovo\Desktop\assimp-5.0.0\code\CMakeLists.txt" />
  </ItemGroup>
  <ItemGroup>
    <ResourceCompile Include="C:\Users\Lenovo\Desktop\assimp-5.0.0\code\res\assimp.rc">
      <Filter>Source Files</Filter>
    </ResourceCompile>
  </ItemGroup>
  <ItemGroup>
    <Filter Include="3D">
      <UniqueIdentifier>{3479CF16-3B72-3295-BF6E-D4DA2D49CABE}</UniqueIdentifier>
    </Filter>
    <Filter Include="3DS">
      <UniqueIdentifier>{1BABA42B-3888-3DE5-850F-3660ED239390}</UniqueIdentifier>
    </Filter>
    <Filter Include="3DS_EXPORTER">
      <UniqueIdentifier>{FD428EED-55AA-3720-B1A1-67CD26C9F1C3}</UniqueIdentifier>
    </Filter>
    <Filter Include="3MF">
      <UniqueIdentifier>{606D55BC-8984-30B0-9EE8-68891287A69E}</UniqueIdentifier>
    </Filter>
    <Filter Include="3MF_EXPORTER">
      <UniqueIdentifier>{CA93E7BB-D7EA-36C9-BAC0-8C894861AB0F}</UniqueIdentifier>
    </Filter>
    <Filter Include="AC">
      <UniqueIdentifier>{179DA2D4-F001-3726-8F32-F614D8F9143C}</UniqueIdentifier>
    </Filter>
    <Filter Include="AMF">
      <UniqueIdentifier>{75B62AB0-3F1A-3D39-8D9C-528F4CA523D2}</UniqueIdentifier>
    </Filter>
    <Filter Include="ASE">
      <UniqueIdentifier>{F588315E-3EB9-3B4C-8FE8-3E39F208F7CB}</UniqueIdentifier>
    </Filter>
    <Filter Include="ASSBIN">
      <UniqueIdentifier>{07F9944E-5B70-319F-A1AD-8D37354AFC82}</UniqueIdentifier>
    </Filter>
    <Filter Include="ASSBIN_EXPORTER">
      <UniqueIdentifier>{C996AB84-7B5A-394A-987A-30791077D89E}</UniqueIdentifier>
    </Filter>
    <Filter Include="ASSJSON_EXPORTER">
      <UniqueIdentifier>{F7A78139-69A7-3F24-8D02-159D1EE1D88F}</UniqueIdentifier>
    </Filter>
    <Filter Include="ASSXML_EXPORTER">
      <UniqueIdentifier>{8C4D9065-242B-349F-83AA-8BBEA8E10F9D}</UniqueIdentifier>
    </Filter>
    <Filter Include="B3D">
      <UniqueIdentifier>{9B42E4E0-8298-34EE-8531-83E60B6FDB70}</UniqueIdentifier>
    </Filter>
    <Filter Include="BLEND">
      <UniqueIdentifier>{C9A7E9FA-6E02-3EDB-84F0-861E4318C4AE}</UniqueIdentifier>
    </Filter>
    <Filter Include="BVH">
      <UniqueIdentifier>{05FF669F-BBC0-3D99-B73E-3F120A668596}</UniqueIdentifier>
    </Filter>
    <Filter Include="CApi">
      <UniqueIdentifier>{4FE9A3C5-608D-3076-9347-278C308A396A}</UniqueIdentifier>
    </Filter>
    <Filter Include="COB">
      <UniqueIdentifier>{95743A15-CF14-3A38-A274-7D64C7CB6C13}</UniqueIdentifier>
    </Filter>
    <Filter Include="COLLADA">
      <UniqueIdentifier>{62019AA8-38A2-3BB9-871D-5FB9F5C9E3ED}</UniqueIdentifier>
    </Filter>
    <Filter Include="COLLADA_EXPORTER">
      <UniqueIdentifier>{EEBF0662-7496-363C-B7C6-44BB086940E4}</UniqueIdentifier>
    </Filter>
    <Filter Include="CSM">
      <UniqueIdentifier>{215BED46-B818-3A6C-A34C-1A17642184F1}</UniqueIdentifier>
    </Filter>
    <Filter Include="Common">
      <UniqueIdentifier>{FF2C2CC1-9E34-3624-9C52-96D8E19A2440}</UniqueIdentifier>
    </Filter>
    <Filter Include="Compiler">
      <UniqueIdentifier>{0155C52F-EF98-354F-9B63-B457CB25DD98}</UniqueIdentifier>
    </Filter>
    <Filter Include="Contrib">
      <UniqueIdentifier>{87AF937B-E6B6-33B8-8391-354253A190F6}</UniqueIdentifier>
    </Filter>
    <Filter Include="Contrib\Clipper">
      <UniqueIdentifier>{F196F184-66B1-3507-8434-5B964CDDE4C5}</UniqueIdentifier>
    </Filter>
    <Filter Include="Contrib\Poly2Tri">
      <UniqueIdentifier>{ADA05924-C9E1-3016-9BA0-771AF550A1F2}</UniqueIdentifier>
    </Filter>
    <Filter Include="Contrib\open3dgc">
      <UniqueIdentifier>{ADC90973-2786-3D87-8266-2B17D634AA77}</UniqueIdentifier>
    </Filter>
    <Filter Include="Contrib\openddl_parser">
      <UniqueIdentifier>{625FBCF0-1020-341E-A089-6017A87A873B}</UniqueIdentifier>
    </Filter>
    <Filter Include="Contrib\unzip">
      <UniqueIdentifier>{48110630-CE98-3345-9DC8-7742DEFBC27A}</UniqueIdentifier>
    </Filter>
    <Filter Include="DXF">
      <UniqueIdentifier>{D60021FF-CC91-3E8B-9D02-D6F133B40BB6}</UniqueIdentifier>
    </Filter>
    <Filter Include="Exporter">
      <UniqueIdentifier>{2E42BFF3-365E-3910-B118-D4ACD1CE7ABA}</UniqueIdentifier>
    </Filter>
    <Filter Include="FBX">
      <UniqueIdentifier>{2997434F-B636-30F4-8CFF-C97598F3AE14}</UniqueIdentifier>
    </Filter>
    <Filter Include="FBX_EXPORTER">
      <UniqueIdentifier>{6F993BE2-5FC1-3282-9E61-9857E35D25D0}</UniqueIdentifier>
    </Filter>
    <Filter Include="GLTF">
      <UniqueIdentifier>{34FF9C93-93DB-3F25-92C2-7F6BB3ED6865}</UniqueIdentifier>
    </Filter>
    <Filter Include="GLTF_EXPORTER">
      <UniqueIdentifier>{9278ABAA-9F02-3CA4-8E33-E15A84B72281}</UniqueIdentifier>
    </Filter>
    <Filter Include="HMP">
      <UniqueIdentifier>{99A762F2-D048-3B92-9BBF-A60CC1A391EA}</UniqueIdentifier>
    </Filter>
    <Filter Include="Header Files">
      <UniqueIdentifier>{3EF36CD2-7EAC-38C3-A327-0938D3613EB7}</UniqueIdentifier>
    </Filter>
    <Filter Include="IFC">
      <UniqueIdentifier>{109A4A26-318D-39D9-A7DC-2EBE77360BFD}</UniqueIdentifier>
    </Filter>
    <Filter Include="IRR">
      <UniqueIdentifier>{69527FAC-C567-3E00-B07B-9272796611FC}</UniqueIdentifier>
    </Filter>
    <Filter Include="IRRMESH">
      <UniqueIdentifier>{EA78D116-5AE3-39B9-A1DC-CC655FE41522}</UniqueIdentifier>
    </Filter>
    <Filter Include="IrrXML">
      <UniqueIdentifier>{C442B49E-E937-3244-B5CA-BB19045416EA}</UniqueIdentifier>
    </Filter>
    <Filter Include="LWO">
      <UniqueIdentifier>{6EA9EC04-4C4A-3C7C-9304-20C96437EC87}</UniqueIdentifier>
    </Filter>
    <Filter Include="LWS">
      <UniqueIdentifier>{A4D3966B-6B47-3245-AC5E-ADA0254812C6}</UniqueIdentifier>
    </Filter>
    <Filter Include="Logging">
      <UniqueIdentifier>{B607411E-1FCD-398B-AF86-02ACF929EBAB}</UniqueIdentifier>
    </Filter>
    <Filter Include="MD2">
      <UniqueIdentifier>{D897B466-37E5-356D-9838-1A97F3F65C95}</UniqueIdentifier>
    </Filter>
    <Filter Include="MD3">
      <UniqueIdentifier>{8D9C5520-52C3-3FC6-807A-61A8B502ABA1}</UniqueIdentifier>
    </Filter>
    <Filter Include="MD5">
      <UniqueIdentifier>{FD157749-41AE-3937-BBEC-98C9C0DDDE05}</UniqueIdentifier>
    </Filter>
    <Filter Include="MDC">
      <UniqueIdentifier>{C942D04D-8262-3A59-AB2F-9BDF2C514C53}</UniqueIdentifier>
    </Filter>
    <Filter Include="MDL">
      <UniqueIdentifier>{44F51CC0-D3FE-398C-B98F-685BF4551A2A}</UniqueIdentifier>
    </Filter>
    <Filter Include="MMD">
      <UniqueIdentifier>{4BE6B528-85A0-3867-A7E2-44CFBC52617B}</UniqueIdentifier>
    </Filter>
    <Filter Include="MS3D">
      <UniqueIdentifier>{72939199-578E-3D4D-8D5E-482B7E4D016B}</UniqueIdentifier>
    </Filter>
    <Filter Include="MaterialSystem">
      <UniqueIdentifier>{9142D2C4-D822-3556-A1F8-0A8CC2813148}</UniqueIdentifier>
    </Filter>
    <Filter Include="NDO">
      <UniqueIdentifier>{5A94B0BA-14E6-3D01-8B9D-B55F3CC1446E}</UniqueIdentifier>
    </Filter>
    <Filter Include="NFF">
      <UniqueIdentifier>{35DE6E3F-4340-37A7-AFF8-531AF80CFECB}</UniqueIdentifier>
    </Filter>
    <Filter Include="OBJ">
      <UniqueIdentifier>{BD0A5C91-8AC2-36C6-92BB-6B98FB301665}</UniqueIdentifier>
    </Filter>
    <Filter Include="OBJ_EXPORTER">
      <UniqueIdentifier>{EE82ED73-EC63-33DD-974B-5C59D728956B}</UniqueIdentifier>
    </Filter>
    <Filter Include="OFF">
      <UniqueIdentifier>{14D87EC8-C486-3854-8546-BD3C64C63979}</UniqueIdentifier>
    </Filter>
    <Filter Include="OGRE">
      <UniqueIdentifier>{A356F2A4-05CD-38F2-AF92-00B29C8C1A28}</UniqueIdentifier>
    </Filter>
    <Filter Include="OPENGEX">
      <UniqueIdentifier>{5A66F05E-ED22-3B46-B345-40F951D35DE9}</UniqueIdentifier>
    </Filter>
    <Filter Include="OPENGEX_EXPORTER">
      <UniqueIdentifier>{B1E7AE9C-545C-3C24-9B5F-0E4DCE1C1653}</UniqueIdentifier>
    </Filter>
    <Filter Include="PLY">
      <UniqueIdentifier>{A6E80CAF-71FC-3FFD-8726-441A8200194F}</UniqueIdentifier>
    </Filter>
    <Filter Include="PLY_EXPORTER">
      <UniqueIdentifier>{C486C2C4-A035-387E-840A-6AFB5DECE679}</UniqueIdentifier>
    </Filter>
    <Filter Include="PostProcessing">
      <UniqueIdentifier>{81D42E6A-5867-3032-941C-FA30CC2274AC}</UniqueIdentifier>
    </Filter>
    <Filter Include="Q3BSP">
      <UniqueIdentifier>{82B92BA9-B2D9-35F3-861F-8847D90F0485}</UniqueIdentifier>
    </Filter>
    <Filter Include="Q3D">
      <UniqueIdentifier>{EB742C89-B07D-3E66-86C0-20A1A1DAD184}</UniqueIdentifier>
    </Filter>
    <Filter Include="RAW">
      <UniqueIdentifier>{FEC8CBE5-37F2-32F2-B54C-FCC3F0A11880}</UniqueIdentifier>
    </Filter>
    <Filter Include="SIB">
      <UniqueIdentifier>{0531402E-4BD0-308F-854E-2EB3F046D832}</UniqueIdentifier>
    </Filter>
    <Filter Include="SMD">
      <UniqueIdentifier>{F6163167-3CEE-3A6A-807E-70FE7BABEE5E}</UniqueIdentifier>
    </Filter>
    <Filter Include="STEP">
      <UniqueIdentifier>{8EF28C98-D820-3C9B-B4E0-652E12EB60A5}</UniqueIdentifier>
    </Filter>
    <Filter Include="STEPParser">
      <UniqueIdentifier>{0C285FBE-645B-3533-A38D-137F4856448F}</UniqueIdentifier>
    </Filter>
    <Filter Include="STEP_EXPORTER">
      <UniqueIdentifier>{F8A309DA-8B30-33CD-BE88-A322AED0878C}</UniqueIdentifier>
    </Filter>
    <Filter Include="STL">
      <UniqueIdentifier>{EAC0079B-84F6-3CDD-B4F7-2124467BDB0A}</UniqueIdentifier>
    </Filter>
    <Filter Include="STL_EXPORTER">
      <UniqueIdentifier>{BD6C8677-078E-3D9E-AE93-03E9B319730A}</UniqueIdentifier>
    </Filter>
    <Filter Include="Source Files">
      <UniqueIdentifier>{F2FA80FE-C399-3CB9-9B7D-424115397CA1}</UniqueIdentifier>
    </Filter>
    <Filter Include="TERRAGEN">
      <UniqueIdentifier>{6351EA27-7947-3830-B3D8-B3AF798D6549}</UniqueIdentifier>
    </Filter>
    <Filter Include="X">
      <UniqueIdentifier>{70763A12-BE30-3871-8E79-F977D2F90E85}</UniqueIdentifier>
    </Filter>
    <Filter Include="X3D">
      <UniqueIdentifier>{FD00DFEA-547C-3F91-A990-79BBF723E38B}</UniqueIdentifier>
    </Filter>
    <Filter Include="X3D_EXPORTER">
      <UniqueIdentifier>{B76E3621-5B88-38D3-816A-12661911126D}</UniqueIdentifier>
    </Filter>
    <Filter Include="XGL">
      <UniqueIdentifier>{0FE7BA26-3AF2-3B4A-A97A-635B0BE6B6A8}</UniqueIdentifier>
    </Filter>
    <Filter Include="X_EXPORTER">
      <UniqueIdentifier>{7A4E0041-D745-36AC-A447-08530C04A391}</UniqueIdentifier>
    </Filter>
    <Filter Include="ziplib">
      <UniqueIdentifier>{198FDB8E-8EA5-391E-9F79-5B3229D4044D}</UniqueIdentifier>
    </Filter>
  </ItemGroup>
</Project>
