<?xml version="1.0" encoding="utf-8"?>
<Project ToolsVersion="15.0" xmlns="http://schemas.microsoft.com/developer/msbuild/2003">
  <ItemGroup>
    <CustomBuild Include="C:\Users\Lenovo\Desktop\Build\CMakeFiles\88ac654a206b2a50c801d7bb3d3c49d3\INSTALL_force.rule">
      <Filter>CMake Rules</Filter>
    </CustomBuild>
  </ItemGroup>
  <ItemGroup>
    <Filter Include="CMake Rules">
      <UniqueIdentifier>{D449FC9A-96B3-3D23-9745-AA149B2AB93D}</UniqueIdentifier>
    </Filter>
  </ItemGroup>
</Project>
